// !$*UTF8*$!
{
	archiveVersion = 1;
	classes = {
	};
	objectVersion = 42;
	objects = {

/* Begin PBXBuildFile section */
		BBAB23CB13894F3D00AA2426 /* GLUT.framework in CopyFiles */ = {isa = PBXBuildFile; fileRef = BBAB23BE13894E4700AA2426 /* GLUT.framework */; };
		E4328149138ABC9F0047C5CB /* openFrameworksDebug.a in Frameworks */ = {isa = PBXBuildFile; fileRef = E4328148138ABC890047C5CB /* openFrameworksDebug.a */; };
		E45BE97B0E8CC7DD009D7055 /* AGL.framework in Frameworks */ = {isa = PBXBuildFile; fileRef = E45BE9710E8CC7DD009D7055 /* AGL.framework */; };
		E45BE97C0E8CC7DD009D7055 /* ApplicationServices.framework in Frameworks */ = {isa = PBXBuildFile; fileRef = E45BE9720E8CC7DD009D7055 /* ApplicationServices.framework */; };
		E45BE97D0E8CC7DD009D7055 /* AudioToolbox.framework in Frameworks */ = {isa = PBXBuildFile; fileRef = E45BE9730E8CC7DD009D7055 /* AudioToolbox.framework */; };
		E45BE97E0E8CC7DD009D7055 /* Carbon.framework in Frameworks */ = {isa = PBXBuildFile; fileRef = E45BE9740E8CC7DD009D7055 /* Carbon.framework */; };
		E45BE97F0E8CC7DD009D7055 /* CoreAudio.framework in Frameworks */ = {isa = PBXBuildFile; fileRef = E45BE9750E8CC7DD009D7055 /* CoreAudio.framework */; };
		E45BE9800E8CC7DD009D7055 /* CoreFoundation.framework in Frameworks */ = {isa = PBXBuildFile; fileRef = E45BE9760E8CC7DD009D7055 /* CoreFoundation.framework */; };
		E45BE9810E8CC7DD009D7055 /* CoreServices.framework in Frameworks */ = {isa = PBXBuildFile; fileRef = E45BE9770E8CC7DD009D7055 /* CoreServices.framework */; };
		E45BE9830E8CC7DD009D7055 /* OpenGL.framework in Frameworks */ = {isa = PBXBuildFile; fileRef = E45BE9790E8CC7DD009D7055 /* OpenGL.framework */; };
		E45BE9840E8CC7DD009D7055 /* QuickTime.framework in Frameworks */ = {isa = PBXBuildFile; fileRef = E45BE97A0E8CC7DD009D7055 /* QuickTime.framework */; };
		E4B69E200A3A1BDC003C02F2 /* main.cpp in Sources */ = {isa = PBXBuildFile; fileRef = E4B69E1D0A3A1BDC003C02F2 /* main.cpp */; };
		E4B69E210A3A1BDC003C02F2 /* testApp.cpp in Sources */ = {isa = PBXBuildFile; fileRef = E4B69E1E0A3A1BDC003C02F2 /* testApp.cpp */; };
		E4C2424710CC5A17004149E2 /* AppKit.framework in Frameworks */ = {isa = PBXBuildFile; fileRef = E4C2424410CC5A17004149E2 /* AppKit.framework */; };
		E4C2424810CC5A17004149E2 /* Cocoa.framework in Frameworks */ = {isa = PBXBuildFile; fileRef = E4C2424510CC5A17004149E2 /* Cocoa.framework */; };
		E4C2424910CC5A17004149E2 /* IOKit.framework in Frameworks */ = {isa = PBXBuildFile; fileRef = E4C2424610CC5A17004149E2 /* IOKit.framework */; };
		E4EB6799138ADC1D00A09F29 /* GLUT.framework in Frameworks */ = {isa = PBXBuildFile; fileRef = BBAB23BE13894E4700AA2426 /* GLUT.framework */; };
		E75315431742C32F005952A8 /* ofxPCL.cpp in Sources */ = {isa = PBXBuildFile; fileRef = E753151A1742C32E005952A8 /* ofxPCL.cpp */; };
		E75315441742C32F005952A8 /* Utility.cpp in Sources */ = {isa = PBXBuildFile; fileRef = E753151E1742C32E005952A8 /* Utility.cpp */; };
		E75315601742C4FD005952A8 /* tinyxml.cpp in Sources */ = {isa = PBXBuildFile; fileRef = E75315591742C4FD005952A8 /* tinyxml.cpp */; };
		E75315611742C4FD005952A8 /* tinyxmlerror.cpp in Sources */ = {isa = PBXBuildFile; fileRef = E753155B1742C4FD005952A8 /* tinyxmlerror.cpp */; };
		E75315621742C4FD005952A8 /* tinyxmlparser.cpp in Sources */ = {isa = PBXBuildFile; fileRef = E753155C1742C4FD005952A8 /* tinyxmlparser.cpp */; };
		E75315631742C4FD005952A8 /* ofxXmlSettings.cpp in Sources */ = {isa = PBXBuildFile; fileRef = E753155E1742C4FD005952A8 /* ofxXmlSettings.cpp */; };
		E75315781742C9BF005952A8 /* ofxTextInputField.cpp in Sources */ = {isa = PBXBuildFile; fileRef = E75315741742C9BF005952A8 /* ofxTextInputField.cpp */; };
		E753BF791742BC5C005952A8 /* ofxRGBDCPURenderer.cpp in Sources */ = {isa = PBXBuildFile; fileRef = E753BF771742BC5C005952A8 /* ofxRGBDCPURenderer.cpp */; };
		E7B9DD7116868B7F00AEAC02 /* ofxCvCheckerboardPreview.cpp in Sources */ = {isa = PBXBuildFile; fileRef = E7B9DD2B16868B7D00AEAC02 /* ofxCvCheckerboardPreview.cpp */; };
		E7B9DD7216868B7F00AEAC02 /* ofxDepthHoleFiller.cpp in Sources */ = {isa = PBXBuildFile; fileRef = E7B9DD2D16868B7D00AEAC02 /* ofxDepthHoleFiller.cpp */; };
		E7B9DD7316868B7F00AEAC02 /* ofxDepthImageCompressor.cpp in Sources */ = {isa = PBXBuildFile; fileRef = E7B9DD2F16868B7D00AEAC02 /* ofxDepthImageCompressor.cpp */; };
		E7B9DD7416868B7F00AEAC02 /* ofxDepthImageProvider.cpp in Sources */ = {isa = PBXBuildFile; fileRef = E7B9DD3116868B7D00AEAC02 /* ofxDepthImageProvider.cpp */; };
		E7B9DD7616868B7F00AEAC02 /* ofxDepthImageSequence.cpp in Sources */ = {isa = PBXBuildFile; fileRef = E7B9DD3516868B7D00AEAC02 /* ofxDepthImageSequence.cpp */; };
		E7B9DD7916868B7F00AEAC02 /* ofxRGBDPlayer.cpp in Sources */ = {isa = PBXBuildFile; fileRef = E7B9DD3B16868B7D00AEAC02 /* ofxRGBDPlayer.cpp */; };
		E7B9DD7A16868B7F00AEAC02 /* ofxRGBDRenderer.cpp in Sources */ = {isa = PBXBuildFile; fileRef = E7B9DD3D16868B7D00AEAC02 /* ofxRGBDRenderer.cpp */; };
		E7B9DD7B16868B7F00AEAC02 /* ofxRGBDScene.cpp in Sources */ = {isa = PBXBuildFile; fileRef = E7B9DD3F16868B7D00AEAC02 /* ofxRGBDScene.cpp */; };
		E7B9DD7C16868B7F00AEAC02 /* ofxRGBDVideoDepthSequence.cpp in Sources */ = {isa = PBXBuildFile; fileRef = E7B9DD4116868B7D00AEAC02 /* ofxRGBDVideoDepthSequence.cpp */; };
		E7B9DDB616868BBE00AEAC02 /* ofxGameCamera.cpp in Sources */ = {isa = PBXBuildFile; fileRef = E7B9DDA016868BBE00AEAC02 /* ofxGameCamera.cpp */; };
		E7B9DF9F16868BE300AEAC02 /* Calibration.cpp in Sources */ = {isa = PBXBuildFile; fileRef = E7B9DF0216868BE000AEAC02 /* Calibration.cpp */; };
		E7B9DFA016868BE300AEAC02 /* ContourFinder.cpp in Sources */ = {isa = PBXBuildFile; fileRef = E7B9DF0316868BE000AEAC02 /* ContourFinder.cpp */; };
		E7B9DFA116868BE300AEAC02 /* Distance.cpp in Sources */ = {isa = PBXBuildFile; fileRef = E7B9DF0416868BE000AEAC02 /* Distance.cpp */; };
		E7B9DFA216868BE300AEAC02 /* Flow.cpp in Sources */ = {isa = PBXBuildFile; fileRef = E7B9DF0516868BE000AEAC02 /* Flow.cpp */; };
		E7B9DFA316868BE300AEAC02 /* Helpers.cpp in Sources */ = {isa = PBXBuildFile; fileRef = E7B9DF0616868BE000AEAC02 /* Helpers.cpp */; };
		E7B9DFA416868BE300AEAC02 /* RunningBackground.cpp in Sources */ = {isa = PBXBuildFile; fileRef = E7B9DF0716868BE000AEAC02 /* RunningBackground.cpp */; };
		E7B9DFA516868BE300AEAC02 /* Tracker.cpp in Sources */ = {isa = PBXBuildFile; fileRef = E7B9DF0816868BE000AEAC02 /* Tracker.cpp */; };
		E7B9DFA616868BE300AEAC02 /* Utilities.cpp in Sources */ = {isa = PBXBuildFile; fileRef = E7B9DF0916868BE000AEAC02 /* Utilities.cpp */; };
		E7B9DFA716868BE300AEAC02 /* Wrappers.cpp in Sources */ = {isa = PBXBuildFile; fileRef = E7B9DF0A16868BE000AEAC02 /* Wrappers.cpp */; };
		E7B9E10B16868C1400AEAC02 /* opencv.a in Frameworks */ = {isa = PBXBuildFile; fileRef = E7B9E08E16868C1300AEAC02 /* opencv.a */; };
		E7B9E14516868DD600AEAC02 /* QTKit.framework in Frameworks */ = {isa = PBXBuildFile; fileRef = E7B9E14416868DD600AEAC02 /* QTKit.framework */; };
		E7B9E14716868DDA00AEAC02 /* CoreVideo.framework in Frameworks */ = {isa = PBXBuildFile; fileRef = E7B9E14616868DDA00AEAC02 /* CoreVideo.framework */; };
		E7B9E14916868DDF00AEAC02 /* Accelerate.framework in Frameworks */ = {isa = PBXBuildFile; fileRef = E7B9E14816868DDF00AEAC02 /* Accelerate.framework */; };
/* End PBXBuildFile section */

/* Begin PBXContainerItemProxy section */
		E4328147138ABC890047C5CB /* PBXContainerItemProxy */ = {
			isa = PBXContainerItemProxy;
			containerPortal = E4328143138ABC890047C5CB /* openFrameworksLib.xcodeproj */;
			proxyType = 2;
			remoteGlobalIDString = E4B27C1510CBEB8E00536013;
			remoteInfo = openFrameworks;
		};
		E4EEB9AB138B136A00A80321 /* PBXContainerItemProxy */ = {
			isa = PBXContainerItemProxy;
			containerPortal = E4328143138ABC890047C5CB /* openFrameworksLib.xcodeproj */;
			proxyType = 1;
			remoteGlobalIDString = E4B27C1410CBEB8E00536013;
			remoteInfo = openFrameworks;
		};
/* End PBXContainerItemProxy section */

/* Begin PBXCopyFilesBuildPhase section */
		E4C2427710CC5ABF004149E2 /* CopyFiles */ = {
			isa = PBXCopyFilesBuildPhase;
			buildActionMask = 2147483647;
			dstPath = "";
			dstSubfolderSpec = 10;
			files = (
				BBAB23CB13894F3D00AA2426 /* GLUT.framework in CopyFiles */,
			);
			runOnlyForDeploymentPostprocessing = 0;
		};
/* End PBXCopyFilesBuildPhase section */

/* Begin PBXFileReference section */
		BBAB23BE13894E4700AA2426 /* GLUT.framework */ = {isa = PBXFileReference; lastKnownFileType = wrapper.framework; name = GLUT.framework; path = ../../../libs/glut/lib/osx/GLUT.framework; sourceTree = "<group>"; };
		E4328143138ABC890047C5CB /* openFrameworksLib.xcodeproj */ = {isa = PBXFileReference; lastKnownFileType = "wrapper.pb-project"; name = openFrameworksLib.xcodeproj; path = ../../../libs/openFrameworksCompiled/project/osx/openFrameworksLib.xcodeproj; sourceTree = SOURCE_ROOT; };
		E45BE9710E8CC7DD009D7055 /* AGL.framework */ = {isa = PBXFileReference; lastKnownFileType = wrapper.framework; name = AGL.framework; path = /System/Library/Frameworks/AGL.framework; sourceTree = "<absolute>"; };
		E45BE9720E8CC7DD009D7055 /* ApplicationServices.framework */ = {isa = PBXFileReference; lastKnownFileType = wrapper.framework; name = ApplicationServices.framework; path = /System/Library/Frameworks/ApplicationServices.framework; sourceTree = "<absolute>"; };
		E45BE9730E8CC7DD009D7055 /* AudioToolbox.framework */ = {isa = PBXFileReference; lastKnownFileType = wrapper.framework; name = AudioToolbox.framework; path = /System/Library/Frameworks/AudioToolbox.framework; sourceTree = "<absolute>"; };
		E45BE9740E8CC7DD009D7055 /* Carbon.framework */ = {isa = PBXFileReference; lastKnownFileType = wrapper.framework; name = Carbon.framework; path = /System/Library/Frameworks/Carbon.framework; sourceTree = "<absolute>"; };
		E45BE9750E8CC7DD009D7055 /* CoreAudio.framework */ = {isa = PBXFileReference; lastKnownFileType = wrapper.framework; name = CoreAudio.framework; path = /System/Library/Frameworks/CoreAudio.framework; sourceTree = "<absolute>"; };
		E45BE9760E8CC7DD009D7055 /* CoreFoundation.framework */ = {isa = PBXFileReference; lastKnownFileType = wrapper.framework; name = CoreFoundation.framework; path = /System/Library/Frameworks/CoreFoundation.framework; sourceTree = "<absolute>"; };
		E45BE9770E8CC7DD009D7055 /* CoreServices.framework */ = {isa = PBXFileReference; lastKnownFileType = wrapper.framework; name = CoreServices.framework; path = /System/Library/Frameworks/CoreServices.framework; sourceTree = "<absolute>"; };
		E45BE9790E8CC7DD009D7055 /* OpenGL.framework */ = {isa = PBXFileReference; lastKnownFileType = wrapper.framework; name = OpenGL.framework; path = /System/Library/Frameworks/OpenGL.framework; sourceTree = "<absolute>"; };
		E45BE97A0E8CC7DD009D7055 /* QuickTime.framework */ = {isa = PBXFileReference; lastKnownFileType = wrapper.framework; name = QuickTime.framework; path = /System/Library/Frameworks/QuickTime.framework; sourceTree = "<absolute>"; };
		E4B69B5B0A3A1756003C02F2 /* NormalGeneratorDebug.app */ = {isa = PBXFileReference; explicitFileType = wrapper.application; includeInIndex = 0; path = NormalGeneratorDebug.app; sourceTree = BUILT_PRODUCTS_DIR; };
		E4B69E1D0A3A1BDC003C02F2 /* main.cpp */ = {isa = PBXFileReference; fileEncoding = 30; lastKnownFileType = sourcecode.cpp.cpp; name = main.cpp; path = src/main.cpp; sourceTree = SOURCE_ROOT; };
		E4B69E1E0A3A1BDC003C02F2 /* testApp.cpp */ = {isa = PBXFileReference; explicitFileType = sourcecode.cpp.cpp; fileEncoding = 30; name = testApp.cpp; path = src/testApp.cpp; sourceTree = SOURCE_ROOT; };
		E4B69E1F0A3A1BDC003C02F2 /* testApp.h */ = {isa = PBXFileReference; fileEncoding = 30; lastKnownFileType = sourcecode.c.h; name = testApp.h; path = src/testApp.h; sourceTree = SOURCE_ROOT; };
		E4B6FCAD0C3E899E008CF71C /* openFrameworks-Info.plist */ = {isa = PBXFileReference; fileEncoding = 30; lastKnownFileType = text.plist.xml; path = "openFrameworks-Info.plist"; sourceTree = "<group>"; };
		E4C2424410CC5A17004149E2 /* AppKit.framework */ = {isa = PBXFileReference; lastKnownFileType = wrapper.framework; name = AppKit.framework; path = /System/Library/Frameworks/AppKit.framework; sourceTree = "<absolute>"; };
		E4C2424510CC5A17004149E2 /* Cocoa.framework */ = {isa = PBXFileReference; lastKnownFileType = wrapper.framework; name = Cocoa.framework; path = /System/Library/Frameworks/Cocoa.framework; sourceTree = "<absolute>"; };
		E4C2424610CC5A17004149E2 /* IOKit.framework */ = {isa = PBXFileReference; lastKnownFileType = wrapper.framework; name = IOKit.framework; path = /System/Library/Frameworks/IOKit.framework; sourceTree = "<absolute>"; };
		E4EB691F138AFCF100A09F29 /* CoreOF.xcconfig */ = {isa = PBXFileReference; fileEncoding = 4; lastKnownFileType = text.xcconfig; name = CoreOF.xcconfig; path = ../../../libs/openFrameworksCompiled/project/osx/CoreOF.xcconfig; sourceTree = SOURCE_ROOT; };
		E4EB6923138AFD0F00A09F29 /* Project.xcconfig */ = {isa = PBXFileReference; fileEncoding = 4; lastKnownFileType = text.xcconfig; path = Project.xcconfig; sourceTree = "<group>"; };
		E753151A1742C32E005952A8 /* ofxPCL.cpp */ = {isa = PBXFileReference; fileEncoding = 4; lastKnownFileType = sourcecode.cpp.cpp; path = ofxPCL.cpp; sourceTree = "<group>"; };
		E753151B1742C32E005952A8 /* ofxPCL.h */ = {isa = PBXFileReference; fileEncoding = 4; lastKnownFileType = sourcecode.c.h; path = ofxPCL.h; sourceTree = "<group>"; };
		E753151C1742C32E005952A8 /* Tree.h */ = {isa = PBXFileReference; fileEncoding = 4; lastKnownFileType = sourcecode.c.h; path = Tree.h; sourceTree = "<group>"; };
		E753151D1742C32E005952A8 /* Types.h */ = {isa = PBXFileReference; fileEncoding = 4; lastKnownFileType = sourcecode.c.h; path = Types.h; sourceTree = "<group>"; };
		E753151E1742C32E005952A8 /* Utility.cpp */ = {isa = PBXFileReference; fileEncoding = 4; lastKnownFileType = sourcecode.cpp.cpp; path = Utility.cpp; sourceTree = "<group>"; };
		E753151F1742C32E005952A8 /* Utility.h */ = {isa = PBXFileReference; fileEncoding = 4; lastKnownFileType = sourcecode.c.h; path = Utility.h; sourceTree = "<group>"; };
		E75315591742C4FD005952A8 /* tinyxml.cpp */ = {isa = PBXFileReference; fileEncoding = 4; lastKnownFileType = sourcecode.cpp.cpp; path = tinyxml.cpp; sourceTree = "<group>"; };
		E753155A1742C4FD005952A8 /* tinyxml.h */ = {isa = PBXFileReference; fileEncoding = 4; lastKnownFileType = sourcecode.c.h; path = tinyxml.h; sourceTree = "<group>"; };
		E753155B1742C4FD005952A8 /* tinyxmlerror.cpp */ = {isa = PBXFileReference; fileEncoding = 4; lastKnownFileType = sourcecode.cpp.cpp; path = tinyxmlerror.cpp; sourceTree = "<group>"; };
		E753155C1742C4FD005952A8 /* tinyxmlparser.cpp */ = {isa = PBXFileReference; fileEncoding = 4; lastKnownFileType = sourcecode.cpp.cpp; path = tinyxmlparser.cpp; sourceTree = "<group>"; };
		E753155E1742C4FD005952A8 /* ofxXmlSettings.cpp */ = {isa = PBXFileReference; fileEncoding = 4; lastKnownFileType = sourcecode.cpp.cpp; path = ofxXmlSettings.cpp; sourceTree = "<group>"; };
		E753155F1742C4FD005952A8 /* ofxXmlSettings.h */ = {isa = PBXFileReference; fileEncoding = 4; lastKnownFileType = sourcecode.c.h; path = ofxXmlSettings.h; sourceTree = "<group>"; };
		E75315741742C9BF005952A8 /* ofxTextInputField.cpp */ = {isa = PBXFileReference; fileEncoding = 4; lastKnownFileType = sourcecode.cpp.cpp; path = ofxTextInputField.cpp; sourceTree = "<group>"; };
		E75315751742C9BF005952A8 /* ofxTextInputField.h */ = {isa = PBXFileReference; fileEncoding = 4; lastKnownFileType = sourcecode.c.h; path = ofxTextInputField.h; sourceTree = "<group>"; };
		E753BF771742BC5C005952A8 /* ofxRGBDCPURenderer.cpp */ = {isa = PBXFileReference; fileEncoding = 4; lastKnownFileType = sourcecode.cpp.cpp; path = ofxRGBDCPURenderer.cpp; sourceTree = "<group>"; };
		E753BF781742BC5C005952A8 /* ofxRGBDCPURenderer.h */ = {isa = PBXFileReference; fileEncoding = 4; lastKnownFileType = sourcecode.c.h; path = ofxRGBDCPURenderer.h; sourceTree = "<group>"; };
		E7B9DD2B16868B7D00AEAC02 /* ofxCvCheckerboardPreview.cpp */ = {isa = PBXFileReference; fileEncoding = 4; lastKnownFileType = sourcecode.cpp.cpp; path = ofxCvCheckerboardPreview.cpp; sourceTree = "<group>"; };
		E7B9DD2C16868B7D00AEAC02 /* ofxCvCheckerboardPreview.h */ = {isa = PBXFileReference; fileEncoding = 4; lastKnownFileType = sourcecode.c.h; path = ofxCvCheckerboardPreview.h; sourceTree = "<group>"; };
		E7B9DD2D16868B7D00AEAC02 /* ofxDepthHoleFiller.cpp */ = {isa = PBXFileReference; fileEncoding = 4; lastKnownFileType = sourcecode.cpp.cpp; path = ofxDepthHoleFiller.cpp; sourceTree = "<group>"; };
		E7B9DD2E16868B7D00AEAC02 /* ofxDepthHoleFiller.h */ = {isa = PBXFileReference; fileEncoding = 4; lastKnownFileType = sourcecode.c.h; path = ofxDepthHoleFiller.h; sourceTree = "<group>"; };
		E7B9DD2F16868B7D00AEAC02 /* ofxDepthImageCompressor.cpp */ = {isa = PBXFileReference; fileEncoding = 4; lastKnownFileType = sourcecode.cpp.cpp; path = ofxDepthImageCompressor.cpp; sourceTree = "<group>"; };
		E7B9DD3016868B7D00AEAC02 /* ofxDepthImageCompressor.h */ = {isa = PBXFileReference; fileEncoding = 4; lastKnownFileType = sourcecode.c.h; path = ofxDepthImageCompressor.h; sourceTree = "<group>"; };
		E7B9DD3116868B7D00AEAC02 /* ofxDepthImageProvider.cpp */ = {isa = PBXFileReference; fileEncoding = 4; lastKnownFileType = sourcecode.cpp.cpp; path = ofxDepthImageProvider.cpp; sourceTree = "<group>"; };
		E7B9DD3216868B7D00AEAC02 /* ofxDepthImageProvider.h */ = {isa = PBXFileReference; fileEncoding = 4; lastKnownFileType = sourcecode.c.h; path = ofxDepthImageProvider.h; sourceTree = "<group>"; };
		E7B9DD3516868B7D00AEAC02 /* ofxDepthImageSequence.cpp */ = {isa = PBXFileReference; fileEncoding = 4; lastKnownFileType = sourcecode.cpp.cpp; path = ofxDepthImageSequence.cpp; sourceTree = "<group>"; };
		E7B9DD3616868B7D00AEAC02 /* ofxDepthImageSequence.h */ = {isa = PBXFileReference; fileEncoding = 4; lastKnownFileType = sourcecode.c.h; path = ofxDepthImageSequence.h; sourceTree = "<group>"; };
		E7B9DD3B16868B7D00AEAC02 /* ofxRGBDPlayer.cpp */ = {isa = PBXFileReference; fileEncoding = 4; lastKnownFileType = sourcecode.cpp.cpp; path = ofxRGBDPlayer.cpp; sourceTree = "<group>"; };
		E7B9DD3C16868B7D00AEAC02 /* ofxRGBDPlayer.h */ = {isa = PBXFileReference; fileEncoding = 4; lastKnownFileType = sourcecode.c.h; path = ofxRGBDPlayer.h; sourceTree = "<group>"; };
		E7B9DD3D16868B7D00AEAC02 /* ofxRGBDRenderer.cpp */ = {isa = PBXFileReference; fileEncoding = 4; lastKnownFileType = sourcecode.cpp.cpp; path = ofxRGBDRenderer.cpp; sourceTree = "<group>"; };
		E7B9DD3E16868B7D00AEAC02 /* ofxRGBDRenderer.h */ = {isa = PBXFileReference; fileEncoding = 4; lastKnownFileType = sourcecode.c.h; path = ofxRGBDRenderer.h; sourceTree = "<group>"; };
		E7B9DD3F16868B7D00AEAC02 /* ofxRGBDScene.cpp */ = {isa = PBXFileReference; fileEncoding = 4; lastKnownFileType = sourcecode.cpp.cpp; path = ofxRGBDScene.cpp; sourceTree = "<group>"; };
		E7B9DD4016868B7D00AEAC02 /* ofxRGBDScene.h */ = {isa = PBXFileReference; fileEncoding = 4; lastKnownFileType = sourcecode.c.h; path = ofxRGBDScene.h; sourceTree = "<group>"; };
		E7B9DD4116868B7D00AEAC02 /* ofxRGBDVideoDepthSequence.cpp */ = {isa = PBXFileReference; fileEncoding = 4; lastKnownFileType = sourcecode.cpp.cpp; path = ofxRGBDVideoDepthSequence.cpp; sourceTree = "<group>"; };
		E7B9DD4216868B7D00AEAC02 /* ofxRGBDVideoDepthSequence.h */ = {isa = PBXFileReference; fileEncoding = 4; lastKnownFileType = sourcecode.c.h; path = ofxRGBDVideoDepthSequence.h; sourceTree = "<group>"; };
		E7B9DDA016868BBE00AEAC02 /* ofxGameCamera.cpp */ = {isa = PBXFileReference; fileEncoding = 4; lastKnownFileType = sourcecode.cpp.cpp; path = ofxGameCamera.cpp; sourceTree = "<group>"; };
		E7B9DDA116868BBE00AEAC02 /* ofxGameCamera.h */ = {isa = PBXFileReference; fileEncoding = 4; lastKnownFileType = sourcecode.c.h; path = ofxGameCamera.h; sourceTree = "<group>"; };
		E7B9DDA516868BBE00AEAC02 /* ofRange.h */ = {isa = PBXFileReference; fileEncoding = 4; lastKnownFileType = sourcecode.c.h; path = ofRange.h; sourceTree = "<group>"; };
		E7B9DEF816868BE000AEAC02 /* Calibration.h */ = {isa = PBXFileReference; fileEncoding = 4; lastKnownFileType = sourcecode.c.h; path = Calibration.h; sourceTree = "<group>"; };
		E7B9DEF916868BE000AEAC02 /* ContourFinder.h */ = {isa = PBXFileReference; fileEncoding = 4; lastKnownFileType = sourcecode.c.h; path = ContourFinder.h; sourceTree = "<group>"; };
		E7B9DEFA16868BE000AEAC02 /* Distance.h */ = {isa = PBXFileReference; fileEncoding = 4; lastKnownFileType = sourcecode.c.h; path = Distance.h; sourceTree = "<group>"; };
		E7B9DEFB16868BE000AEAC02 /* Flow.h */ = {isa = PBXFileReference; fileEncoding = 4; lastKnownFileType = sourcecode.c.h; path = Flow.h; sourceTree = "<group>"; };
		E7B9DEFC16868BE000AEAC02 /* Helpers.h */ = {isa = PBXFileReference; fileEncoding = 4; lastKnownFileType = sourcecode.c.h; path = Helpers.h; sourceTree = "<group>"; };
		E7B9DEFD16868BE000AEAC02 /* RunningBackground.h */ = {isa = PBXFileReference; fileEncoding = 4; lastKnownFileType = sourcecode.c.h; path = RunningBackground.h; sourceTree = "<group>"; };
		E7B9DEFE16868BE000AEAC02 /* Tracker.h */ = {isa = PBXFileReference; fileEncoding = 4; lastKnownFileType = sourcecode.c.h; path = Tracker.h; sourceTree = "<group>"; };
		E7B9DEFF16868BE000AEAC02 /* Utilities.h */ = {isa = PBXFileReference; fileEncoding = 4; lastKnownFileType = sourcecode.c.h; path = Utilities.h; sourceTree = "<group>"; };
		E7B9DF0016868BE000AEAC02 /* Wrappers.h */ = {isa = PBXFileReference; fileEncoding = 4; lastKnownFileType = sourcecode.c.h; path = Wrappers.h; sourceTree = "<group>"; };
		E7B9DF0216868BE000AEAC02 /* Calibration.cpp */ = {isa = PBXFileReference; fileEncoding = 4; lastKnownFileType = sourcecode.cpp.cpp; path = Calibration.cpp; sourceTree = "<group>"; };
		E7B9DF0316868BE000AEAC02 /* ContourFinder.cpp */ = {isa = PBXFileReference; fileEncoding = 4; lastKnownFileType = sourcecode.cpp.cpp; path = ContourFinder.cpp; sourceTree = "<group>"; };
		E7B9DF0416868BE000AEAC02 /* Distance.cpp */ = {isa = PBXFileReference; fileEncoding = 4; lastKnownFileType = sourcecode.cpp.cpp; path = Distance.cpp; sourceTree = "<group>"; };
		E7B9DF0516868BE000AEAC02 /* Flow.cpp */ = {isa = PBXFileReference; fileEncoding = 4; lastKnownFileType = sourcecode.cpp.cpp; path = Flow.cpp; sourceTree = "<group>"; };
		E7B9DF0616868BE000AEAC02 /* Helpers.cpp */ = {isa = PBXFileReference; fileEncoding = 4; lastKnownFileType = sourcecode.cpp.cpp; path = Helpers.cpp; sourceTree = "<group>"; };
		E7B9DF0716868BE000AEAC02 /* RunningBackground.cpp */ = {isa = PBXFileReference; fileEncoding = 4; lastKnownFileType = sourcecode.cpp.cpp; path = RunningBackground.cpp; sourceTree = "<group>"; };
		E7B9DF0816868BE000AEAC02 /* Tracker.cpp */ = {isa = PBXFileReference; fileEncoding = 4; lastKnownFileType = sourcecode.cpp.cpp; path = Tracker.cpp; sourceTree = "<group>"; };
		E7B9DF0916868BE000AEAC02 /* Utilities.cpp */ = {isa = PBXFileReference; fileEncoding = 4; lastKnownFileType = sourcecode.cpp.cpp; path = Utilities.cpp; sourceTree = "<group>"; };
		E7B9DF0A16868BE000AEAC02 /* Wrappers.cpp */ = {isa = PBXFileReference; fileEncoding = 4; lastKnownFileType = sourcecode.cpp.cpp; path = Wrappers.cpp; sourceTree = "<group>"; };
		E7B9DF0B16868BE000AEAC02 /* readme.md */ = {isa = PBXFileReference; fileEncoding = 4; lastKnownFileType = text; path = readme.md; sourceTree = "<group>"; };
		E7B9DF0D16868BE000AEAC02 /* ofxCv.h */ = {isa = PBXFileReference; fileEncoding = 4; lastKnownFileType = sourcecode.c.h; path = ofxCv.h; sourceTree = "<group>"; };
		E7B9DF0E16868BE000AEAC02 /* update-projects.py */ = {isa = PBXFileReference; fileEncoding = 4; lastKnownFileType = text.script.python; path = "update-projects.py"; sourceTree = "<group>"; };
		E7B9DFE116868C1300AEAC02 /* cv.h */ = {isa = PBXFileReference; fileEncoding = 4; lastKnownFileType = sourcecode.c.h; path = cv.h; sourceTree = "<group>"; };
		E7B9DFE216868C1300AEAC02 /* cv.hpp */ = {isa = PBXFileReference; fileEncoding = 4; lastKnownFileType = sourcecode.cpp.h; path = cv.hpp; sourceTree = "<group>"; };
		E7B9DFE316868C1300AEAC02 /* cvaux.h */ = {isa = PBXFileReference; fileEncoding = 4; lastKnownFileType = sourcecode.c.h; path = cvaux.h; sourceTree = "<group>"; };
		E7B9DFE416868C1300AEAC02 /* cvaux.hpp */ = {isa = PBXFileReference; fileEncoding = 4; lastKnownFileType = sourcecode.cpp.h; path = cvaux.hpp; sourceTree = "<group>"; };
		E7B9DFE516868C1300AEAC02 /* cvwimage.h */ = {isa = PBXFileReference; fileEncoding = 4; lastKnownFileType = sourcecode.c.h; path = cvwimage.h; sourceTree = "<group>"; };
		E7B9DFE616868C1300AEAC02 /* cxcore.h */ = {isa = PBXFileReference; fileEncoding = 4; lastKnownFileType = sourcecode.c.h; path = cxcore.h; sourceTree = "<group>"; };
		E7B9DFE716868C1300AEAC02 /* cxcore.hpp */ = {isa = PBXFileReference; fileEncoding = 4; lastKnownFileType = sourcecode.cpp.h; path = cxcore.hpp; sourceTree = "<group>"; };
		E7B9DFE816868C1300AEAC02 /* cxeigen.hpp */ = {isa = PBXFileReference; fileEncoding = 4; lastKnownFileType = sourcecode.cpp.h; path = cxeigen.hpp; sourceTree = "<group>"; };
		E7B9DFE916868C1300AEAC02 /* cxmisc.h */ = {isa = PBXFileReference; fileEncoding = 4; lastKnownFileType = sourcecode.c.h; path = cxmisc.h; sourceTree = "<group>"; };
		E7B9DFEA16868C1300AEAC02 /* highgui.h */ = {isa = PBXFileReference; fileEncoding = 4; lastKnownFileType = sourcecode.c.h; path = highgui.h; sourceTree = "<group>"; };
		E7B9DFEB16868C1300AEAC02 /* ml.h */ = {isa = PBXFileReference; fileEncoding = 4; lastKnownFileType = sourcecode.c.h; path = ml.h; sourceTree = "<group>"; };
		E7B9DFEE16868C1300AEAC02 /* calib3d.hpp */ = {isa = PBXFileReference; fileEncoding = 4; lastKnownFileType = sourcecode.cpp.h; path = calib3d.hpp; sourceTree = "<group>"; };
		E7B9DFF016868C1300AEAC02 /* contrib.hpp */ = {isa = PBXFileReference; fileEncoding = 4; lastKnownFileType = sourcecode.cpp.h; path = contrib.hpp; sourceTree = "<group>"; };
		E7B9DFF116868C1300AEAC02 /* retina.hpp */ = {isa = PBXFileReference; fileEncoding = 4; lastKnownFileType = sourcecode.cpp.h; path = retina.hpp; sourceTree = "<group>"; };
		E7B9DFF316868C1300AEAC02 /* core.hpp */ = {isa = PBXFileReference; fileEncoding = 4; lastKnownFileType = sourcecode.cpp.h; path = core.hpp; sourceTree = "<group>"; };
		E7B9DFF416868C1300AEAC02 /* core_c.h */ = {isa = PBXFileReference; fileEncoding = 4; lastKnownFileType = sourcecode.c.h; path = core_c.h; sourceTree = "<group>"; };
		E7B9DFF516868C1300AEAC02 /* eigen.hpp */ = {isa = PBXFileReference; fileEncoding = 4; lastKnownFileType = sourcecode.cpp.h; path = eigen.hpp; sourceTree = "<group>"; };
		E7B9DFF616868C1300AEAC02 /* internal.hpp */ = {isa = PBXFileReference; fileEncoding = 4; lastKnownFileType = sourcecode.cpp.h; path = internal.hpp; sourceTree = "<group>"; };
		E7B9DFF716868C1300AEAC02 /* mat.hpp */ = {isa = PBXFileReference; fileEncoding = 4; lastKnownFileType = sourcecode.cpp.h; path = mat.hpp; sourceTree = "<group>"; };
		E7B9DFF816868C1300AEAC02 /* operations.hpp */ = {isa = PBXFileReference; fileEncoding = 4; lastKnownFileType = sourcecode.cpp.h; path = operations.hpp; sourceTree = "<group>"; };
		E7B9DFF916868C1300AEAC02 /* types_c.h */ = {isa = PBXFileReference; fileEncoding = 4; lastKnownFileType = sourcecode.c.h; path = types_c.h; sourceTree = "<group>"; };
		E7B9DFFA16868C1300AEAC02 /* version.hpp */ = {isa = PBXFileReference; fileEncoding = 4; lastKnownFileType = sourcecode.cpp.h; path = version.hpp; sourceTree = "<group>"; };
		E7B9DFFB16868C1300AEAC02 /* wimage.hpp */ = {isa = PBXFileReference; fileEncoding = 4; lastKnownFileType = sourcecode.cpp.h; path = wimage.hpp; sourceTree = "<group>"; };
		E7B9DFFD16868C1300AEAC02 /* features2d.hpp */ = {isa = PBXFileReference; fileEncoding = 4; lastKnownFileType = sourcecode.cpp.h; path = features2d.hpp; sourceTree = "<group>"; };
		E7B9DFFF16868C1300AEAC02 /* all_indices.h */ = {isa = PBXFileReference; fileEncoding = 4; lastKnownFileType = sourcecode.c.h; path = all_indices.h; sourceTree = "<group>"; };
		E7B9E00016868C1300AEAC02 /* allocator.h */ = {isa = PBXFileReference; fileEncoding = 4; lastKnownFileType = sourcecode.c.h; path = allocator.h; sourceTree = "<group>"; };
		E7B9E00116868C1300AEAC02 /* any.h */ = {isa = PBXFileReference; fileEncoding = 4; lastKnownFileType = sourcecode.c.h; path = any.h; sourceTree = "<group>"; };
		E7B9E00216868C1300AEAC02 /* autotuned_index.h */ = {isa = PBXFileReference; fileEncoding = 4; lastKnownFileType = sourcecode.c.h; path = autotuned_index.h; sourceTree = "<group>"; };
		E7B9E00316868C1300AEAC02 /* composite_index.h */ = {isa = PBXFileReference; fileEncoding = 4; lastKnownFileType = sourcecode.c.h; path = composite_index.h; sourceTree = "<group>"; };
		E7B9E00416868C1300AEAC02 /* config.h */ = {isa = PBXFileReference; fileEncoding = 4; lastKnownFileType = sourcecode.c.h; path = config.h; sourceTree = "<group>"; };
		E7B9E00516868C1300AEAC02 /* defines.h */ = {isa = PBXFileReference; fileEncoding = 4; lastKnownFileType = sourcecode.c.h; path = defines.h; sourceTree = "<group>"; };
		E7B9E00616868C1300AEAC02 /* dist.h */ = {isa = PBXFileReference; fileEncoding = 4; lastKnownFileType = sourcecode.c.h; path = dist.h; sourceTree = "<group>"; };
		E7B9E00716868C1300AEAC02 /* dummy.h */ = {isa = PBXFileReference; fileEncoding = 4; lastKnownFileType = sourcecode.c.h; path = dummy.h; sourceTree = "<group>"; };
		E7B9E00816868C1300AEAC02 /* dynamic_bitset.h */ = {isa = PBXFileReference; fileEncoding = 4; lastKnownFileType = sourcecode.c.h; path = dynamic_bitset.h; sourceTree = "<group>"; };
		E7B9E00916868C1300AEAC02 /* flann.hpp */ = {isa = PBXFileReference; fileEncoding = 4; lastKnownFileType = sourcecode.cpp.h; path = flann.hpp; sourceTree = "<group>"; };
		E7B9E00A16868C1300AEAC02 /* flann_base.hpp */ = {isa = PBXFileReference; fileEncoding = 4; lastKnownFileType = sourcecode.cpp.h; path = flann_base.hpp; sourceTree = "<group>"; };
		E7B9E00B16868C1300AEAC02 /* general.h */ = {isa = PBXFileReference; fileEncoding = 4; lastKnownFileType = sourcecode.c.h; path = general.h; sourceTree = "<group>"; };
		E7B9E00C16868C1300AEAC02 /* ground_truth.h */ = {isa = PBXFileReference; fileEncoding = 4; lastKnownFileType = sourcecode.c.h; path = ground_truth.h; sourceTree = "<group>"; };
		E7B9E00D16868C1300AEAC02 /* hdf5.h */ = {isa = PBXFileReference; fileEncoding = 4; lastKnownFileType = sourcecode.c.h; path = hdf5.h; sourceTree = "<group>"; };
		E7B9E00E16868C1300AEAC02 /* heap.h */ = {isa = PBXFileReference; fileEncoding = 4; lastKnownFileType = sourcecode.c.h; path = heap.h; sourceTree = "<group>"; };
		E7B9E00F16868C1300AEAC02 /* hierarchical_clustering_index.h */ = {isa = PBXFileReference; fileEncoding = 4; lastKnownFileType = sourcecode.c.h; path = hierarchical_clustering_index.h; sourceTree = "<group>"; };
		E7B9E01016868C1300AEAC02 /* index_testing.h */ = {isa = PBXFileReference; fileEncoding = 4; lastKnownFileType = sourcecode.c.h; path = index_testing.h; sourceTree = "<group>"; };
		E7B9E01116868C1300AEAC02 /* kdtree_index.h */ = {isa = PBXFileReference; fileEncoding = 4; lastKnownFileType = sourcecode.c.h; path = kdtree_index.h; sourceTree = "<group>"; };
		E7B9E01216868C1300AEAC02 /* kdtree_single_index.h */ = {isa = PBXFileReference; fileEncoding = 4; lastKnownFileType = sourcecode.c.h; path = kdtree_single_index.h; sourceTree = "<group>"; };
		E7B9E01316868C1300AEAC02 /* kmeans_index.h */ = {isa = PBXFileReference; fileEncoding = 4; lastKnownFileType = sourcecode.c.h; path = kmeans_index.h; sourceTree = "<group>"; };
		E7B9E01416868C1300AEAC02 /* linear_index.h */ = {isa = PBXFileReference; fileEncoding = 4; lastKnownFileType = sourcecode.c.h; path = linear_index.h; sourceTree = "<group>"; };
		E7B9E01516868C1300AEAC02 /* logger.h */ = {isa = PBXFileReference; fileEncoding = 4; lastKnownFileType = sourcecode.c.h; path = logger.h; sourceTree = "<group>"; };
		E7B9E01616868C1300AEAC02 /* lsh_index.h */ = {isa = PBXFileReference; fileEncoding = 4; lastKnownFileType = sourcecode.c.h; path = lsh_index.h; sourceTree = "<group>"; };
		E7B9E01716868C1300AEAC02 /* lsh_table.h */ = {isa = PBXFileReference; fileEncoding = 4; lastKnownFileType = sourcecode.c.h; path = lsh_table.h; sourceTree = "<group>"; };
		E7B9E01816868C1300AEAC02 /* matrix.h */ = {isa = PBXFileReference; fileEncoding = 4; lastKnownFileType = sourcecode.c.h; path = matrix.h; sourceTree = "<group>"; };
		E7B9E01916868C1300AEAC02 /* miniflann.hpp */ = {isa = PBXFileReference; fileEncoding = 4; lastKnownFileType = sourcecode.cpp.h; path = miniflann.hpp; sourceTree = "<group>"; };
		E7B9E01A16868C1300AEAC02 /* nn_index.h */ = {isa = PBXFileReference; fileEncoding = 4; lastKnownFileType = sourcecode.c.h; path = nn_index.h; sourceTree = "<group>"; };
		E7B9E01B16868C1300AEAC02 /* object_factory.h */ = {isa = PBXFileReference; fileEncoding = 4; lastKnownFileType = sourcecode.c.h; path = object_factory.h; sourceTree = "<group>"; };
		E7B9E01C16868C1300AEAC02 /* params.h */ = {isa = PBXFileReference; fileEncoding = 4; lastKnownFileType = sourcecode.c.h; path = params.h; sourceTree = "<group>"; };
		E7B9E01D16868C1300AEAC02 /* random.h */ = {isa = PBXFileReference; fileEncoding = 4; lastKnownFileType = sourcecode.c.h; path = random.h; sourceTree = "<group>"; };
		E7B9E01E16868C1300AEAC02 /* result_set.h */ = {isa = PBXFileReference; fileEncoding = 4; lastKnownFileType = sourcecode.c.h; path = result_set.h; sourceTree = "<group>"; };
		E7B9E01F16868C1300AEAC02 /* sampling.h */ = {isa = PBXFileReference; fileEncoding = 4; lastKnownFileType = sourcecode.c.h; path = sampling.h; sourceTree = "<group>"; };
		E7B9E02016868C1300AEAC02 /* saving.h */ = {isa = PBXFileReference; fileEncoding = 4; lastKnownFileType = sourcecode.c.h; path = saving.h; sourceTree = "<group>"; };
		E7B9E02116868C1300AEAC02 /* simplex_downhill.h */ = {isa = PBXFileReference; fileEncoding = 4; lastKnownFileType = sourcecode.c.h; path = simplex_downhill.h; sourceTree = "<group>"; };
		E7B9E02216868C1300AEAC02 /* timer.h */ = {isa = PBXFileReference; fileEncoding = 4; lastKnownFileType = sourcecode.c.h; path = timer.h; sourceTree = "<group>"; };
		E7B9E02416868C1300AEAC02 /* devmem2d.hpp */ = {isa = PBXFileReference; fileEncoding = 4; lastKnownFileType = sourcecode.cpp.h; path = devmem2d.hpp; sourceTree = "<group>"; };
		E7B9E02516868C1300AEAC02 /* gpu.hpp */ = {isa = PBXFileReference; fileEncoding = 4; lastKnownFileType = sourcecode.cpp.h; path = gpu.hpp; sourceTree = "<group>"; };
		E7B9E02616868C1300AEAC02 /* gpumat.hpp */ = {isa = PBXFileReference; fileEncoding = 4; lastKnownFileType = sourcecode.cpp.h; path = gpumat.hpp; sourceTree = "<group>"; };
		E7B9E02716868C1300AEAC02 /* matrix_operations.hpp */ = {isa = PBXFileReference; fileEncoding = 4; lastKnownFileType = sourcecode.cpp.h; path = matrix_operations.hpp; sourceTree = "<group>"; };
		E7B9E02816868C1300AEAC02 /* stream_accessor.hpp */ = {isa = PBXFileReference; fileEncoding = 4; lastKnownFileType = sourcecode.cpp.h; path = stream_accessor.hpp; sourceTree = "<group>"; };
		E7B9E02A16868C1300AEAC02 /* highgui.hpp */ = {isa = PBXFileReference; fileEncoding = 4; lastKnownFileType = sourcecode.cpp.h; path = highgui.hpp; sourceTree = "<group>"; };
		E7B9E02B16868C1300AEAC02 /* highgui_c.h */ = {isa = PBXFileReference; fileEncoding = 4; lastKnownFileType = sourcecode.c.h; path = highgui_c.h; sourceTree = "<group>"; };
		E7B9E02D16868C1300AEAC02 /* imgproc.hpp */ = {isa = PBXFileReference; fileEncoding = 4; lastKnownFileType = sourcecode.cpp.h; path = imgproc.hpp; sourceTree = "<group>"; };
		E7B9E02E16868C1300AEAC02 /* imgproc_c.h */ = {isa = PBXFileReference; fileEncoding = 4; lastKnownFileType = sourcecode.c.h; path = imgproc_c.h; sourceTree = "<group>"; };
		E7B9E02F16868C1300AEAC02 /* types_c.h */ = {isa = PBXFileReference; fileEncoding = 4; lastKnownFileType = sourcecode.c.h; path = types_c.h; sourceTree = "<group>"; };
		E7B9E03116868C1300AEAC02 /* blobtrack.hpp */ = {isa = PBXFileReference; fileEncoding = 4; lastKnownFileType = sourcecode.cpp.h; path = blobtrack.hpp; sourceTree = "<group>"; };
		E7B9E03216868C1300AEAC02 /* compat.hpp */ = {isa = PBXFileReference; fileEncoding = 4; lastKnownFileType = sourcecode.cpp.h; path = compat.hpp; sourceTree = "<group>"; };
		E7B9E03316868C1300AEAC02 /* legacy.hpp */ = {isa = PBXFileReference; fileEncoding = 4; lastKnownFileType = sourcecode.cpp.h; path = legacy.hpp; sourceTree = "<group>"; };
		E7B9E03416868C1300AEAC02 /* streams.hpp */ = {isa = PBXFileReference; fileEncoding = 4; lastKnownFileType = sourcecode.cpp.h; path = streams.hpp; sourceTree = "<group>"; };
		E7B9E03616868C1300AEAC02 /* ml.hpp */ = {isa = PBXFileReference; fileEncoding = 4; lastKnownFileType = sourcecode.cpp.h; path = ml.hpp; sourceTree = "<group>"; };
		E7B9E03816868C1300AEAC02 /* objdetect.hpp */ = {isa = PBXFileReference; fileEncoding = 4; lastKnownFileType = sourcecode.cpp.h; path = objdetect.hpp; sourceTree = "<group>"; };
		E7B9E03916868C1300AEAC02 /* opencv.hpp */ = {isa = PBXFileReference; fileEncoding = 4; lastKnownFileType = sourcecode.cpp.h; path = opencv.hpp; sourceTree = "<group>"; };
		E7B9E03B16868C1300AEAC02 /* ts.hpp */ = {isa = PBXFileReference; fileEncoding = 4; lastKnownFileType = sourcecode.cpp.h; path = ts.hpp; sourceTree = "<group>"; };
		E7B9E03C16868C1300AEAC02 /* ts_gtest.h */ = {isa = PBXFileReference; fileEncoding = 4; lastKnownFileType = sourcecode.c.h; path = ts_gtest.h; sourceTree = "<group>"; };
		E7B9E03E16868C1300AEAC02 /* background_segm.hpp */ = {isa = PBXFileReference; fileEncoding = 4; lastKnownFileType = sourcecode.cpp.h; path = background_segm.hpp; sourceTree = "<group>"; };
		E7B9E03F16868C1300AEAC02 /* tracking.hpp */ = {isa = PBXFileReference; fileEncoding = 4; lastKnownFileType = sourcecode.cpp.h; path = tracking.hpp; sourceTree = "<group>"; };
		E7B9E04016868C1300AEAC02 /* video.hpp */ = {isa = PBXFileReference; fileEncoding = 4; lastKnownFileType = sourcecode.cpp.h; path = video.hpp; sourceTree = "<group>"; };
		E7B9E08E16868C1300AEAC02 /* opencv.a */ = {isa = PBXFileReference; lastKnownFileType = archive.ar; path = opencv.a; sourceTree = "<group>"; };
		E7B9E14416868DD600AEAC02 /* QTKit.framework */ = {isa = PBXFileReference; lastKnownFileType = wrapper.framework; name = QTKit.framework; path = /System/Library/Frameworks/QTKit.framework; sourceTree = "<absolute>"; };
		E7B9E14616868DDA00AEAC02 /* CoreVideo.framework */ = {isa = PBXFileReference; lastKnownFileType = wrapper.framework; name = CoreVideo.framework; path = /System/Library/Frameworks/CoreVideo.framework; sourceTree = "<absolute>"; };
		E7B9E14816868DDF00AEAC02 /* Accelerate.framework */ = {isa = PBXFileReference; lastKnownFileType = wrapper.framework; name = Accelerate.framework; path = /System/Library/Frameworks/Accelerate.framework; sourceTree = "<absolute>"; };
		E7B9E2CC1687A09100AEAC02 /* README */ = {isa = PBXFileReference; fileEncoding = 4; lastKnownFileType = text; path = README; sourceTree = "<group>"; };
		E7B9E2CE1687A09100AEAC02 /* ofxUI.h */ = {isa = PBXFileReference; fileEncoding = 4; lastKnownFileType = sourcecode.c.h; path = ofxUI.h; sourceTree = "<group>"; };
		E7B9E2CF1687A09100AEAC02 /* ofxUI2DPad.h */ = {isa = PBXFileReference; fileEncoding = 4; lastKnownFileType = sourcecode.c.h; path = ofxUI2DPad.h; sourceTree = "<group>"; };
		E7B9E2D01687A09100AEAC02 /* ofxUIBiLabelSlider.h */ = {isa = PBXFileReference; fileEncoding = 4; lastKnownFileType = sourcecode.c.h; path = ofxUIBiLabelSlider.h; sourceTree = "<group>"; };
		E7B9E2D11687A09100AEAC02 /* ofxUIButton.h */ = {isa = PBXFileReference; fileEncoding = 4; lastKnownFileType = sourcecode.c.h; path = ofxUIButton.h; sourceTree = "<group>"; };
		E7B9E2D21687A09100AEAC02 /* ofxUICanvas.h */ = {isa = PBXFileReference; fileEncoding = 4; lastKnownFileType = sourcecode.c.h; path = ofxUICanvas.h; sourceTree = "<group>"; };
		E7B9E2D31687A09100AEAC02 /* ofxUICircleSlider.h */ = {isa = PBXFileReference; fileEncoding = 4; lastKnownFileType = sourcecode.c.h; path = ofxUICircleSlider.h; sourceTree = "<group>"; };
		E7B9E2D41687A09100AEAC02 /* ofxUICustomImageButton.h */ = {isa = PBXFileReference; fileEncoding = 4; lastKnownFileType = sourcecode.c.h; path = ofxUICustomImageButton.h; sourceTree = "<group>"; };
		E7B9E2D51687A09100AEAC02 /* ofxUIDropDownList.h */ = {isa = PBXFileReference; fileEncoding = 4; lastKnownFileType = sourcecode.c.h; path = ofxUIDropDownList.h; sourceTree = "<group>"; };
		E7B9E2D61687A09100AEAC02 /* ofxUIEventArgs.h */ = {isa = PBXFileReference; fileEncoding = 4; lastKnownFileType = sourcecode.c.h; path = ofxUIEventArgs.h; sourceTree = "<group>"; };
		E7B9E2D71687A09100AEAC02 /* ofxUIFPS.h */ = {isa = PBXFileReference; fileEncoding = 4; lastKnownFileType = sourcecode.c.h; path = ofxUIFPS.h; sourceTree = "<group>"; };
		E7B9E2D81687A09100AEAC02 /* ofxUIFPSSlider.h */ = {isa = PBXFileReference; fileEncoding = 4; lastKnownFileType = sourcecode.c.h; path = ofxUIFPSSlider.h; sourceTree = "<group>"; };
		E7B9E2D91687A09100AEAC02 /* ofxUIImage.h */ = {isa = PBXFileReference; fileEncoding = 4; lastKnownFileType = sourcecode.c.h; path = ofxUIImage.h; sourceTree = "<group>"; };
		E7B9E2DA1687A09100AEAC02 /* ofxUIImageButton.h */ = {isa = PBXFileReference; fileEncoding = 4; lastKnownFileType = sourcecode.c.h; path = ofxUIImageButton.h; sourceTree = "<group>"; };
		E7B9E2DB1687A09100AEAC02 /* ofxUIImageSampler.h */ = {isa = PBXFileReference; fileEncoding = 4; lastKnownFileType = sourcecode.c.h; path = ofxUIImageSampler.h; sourceTree = "<group>"; };
		E7B9E2DC1687A09100AEAC02 /* ofxUIImageSlider.h */ = {isa = PBXFileReference; fileEncoding = 4; lastKnownFileType = sourcecode.c.h; path = ofxUIImageSlider.h; sourceTree = "<group>"; };
		E7B9E2DD1687A09100AEAC02 /* ofxUIImageToggle.h */ = {isa = PBXFileReference; fileEncoding = 4; lastKnownFileType = sourcecode.c.h; path = ofxUIImageToggle.h; sourceTree = "<group>"; };
		E7B9E2DE1687A09100AEAC02 /* ofxUILabel.h */ = {isa = PBXFileReference; fileEncoding = 4; lastKnownFileType = sourcecode.c.h; path = ofxUILabel.h; sourceTree = "<group>"; };
		E7B9E2DF1687A09100AEAC02 /* ofxUILabelButton.h */ = {isa = PBXFileReference; fileEncoding = 4; lastKnownFileType = sourcecode.c.h; path = ofxUILabelButton.h; sourceTree = "<group>"; };
		E7B9E2E01687A09100AEAC02 /* ofxUILabelToggle.h */ = {isa = PBXFileReference; fileEncoding = 4; lastKnownFileType = sourcecode.c.h; path = ofxUILabelToggle.h; sourceTree = "<group>"; };
		E7B9E2E11687A09100AEAC02 /* ofxUIMinimalSlider.h */ = {isa = PBXFileReference; fileEncoding = 4; lastKnownFileType = sourcecode.c.h; path = ofxUIMinimalSlider.h; sourceTree = "<group>"; };
		E7B9E2E21687A09100AEAC02 /* ofxUIMovingGraph.h */ = {isa = PBXFileReference; fileEncoding = 4; lastKnownFileType = sourcecode.c.h; path = ofxUIMovingGraph.h; sourceTree = "<group>"; };
		E7B9E2E31687A09100AEAC02 /* ofxUIMultiImageButton.h */ = {isa = PBXFileReference; fileEncoding = 4; lastKnownFileType = sourcecode.c.h; path = ofxUIMultiImageButton.h; sourceTree = "<group>"; };
		E7B9E2E41687A09100AEAC02 /* ofxUIMultiImageSlider.h */ = {isa = PBXFileReference; fileEncoding = 4; lastKnownFileType = sourcecode.c.h; path = ofxUIMultiImageSlider.h; sourceTree = "<group>"; };
		E7B9E2E51687A09100AEAC02 /* ofxUIMultiImageToggle.h */ = {isa = PBXFileReference; fileEncoding = 4; lastKnownFileType = sourcecode.c.h; path = ofxUIMultiImageToggle.h; sourceTree = "<group>"; };
		E7B9E2E61687A09100AEAC02 /* ofxUINumberDialer.h */ = {isa = PBXFileReference; fileEncoding = 4; lastKnownFileType = sourcecode.c.h; path = ofxUINumberDialer.h; sourceTree = "<group>"; };
		E7B9E2E71687A09100AEAC02 /* ofxUIRadio.h */ = {isa = PBXFileReference; fileEncoding = 4; lastKnownFileType = sourcecode.c.h; path = ofxUIRadio.h; sourceTree = "<group>"; };
		E7B9E2E81687A09100AEAC02 /* ofxUIRangeSlider.h */ = {isa = PBXFileReference; fileEncoding = 4; lastKnownFileType = sourcecode.c.h; path = ofxUIRangeSlider.h; sourceTree = "<group>"; };
		E7B9E2E91687A09100AEAC02 /* ofxUIRectangle.h */ = {isa = PBXFileReference; fileEncoding = 4; lastKnownFileType = sourcecode.c.h; path = ofxUIRectangle.h; sourceTree = "<group>"; };
		E7B9E2EA1687A09100AEAC02 /* ofxUIRotarySlider.h */ = {isa = PBXFileReference; fileEncoding = 4; lastKnownFileType = sourcecode.c.h; path = ofxUIRotarySlider.h; sourceTree = "<group>"; };
		E7B9E2EB1687A09100AEAC02 /* ofxUIScrollableCanvas.h */ = {isa = PBXFileReference; fileEncoding = 4; lastKnownFileType = sourcecode.c.h; path = ofxUIScrollableCanvas.h; sourceTree = "<group>"; };
		E7B9E2EC1687A09100AEAC02 /* ofxUISlider.h */ = {isa = PBXFileReference; fileEncoding = 4; lastKnownFileType = sourcecode.c.h; path = ofxUISlider.h; sourceTree = "<group>"; };
		E7B9E2ED1687A09100AEAC02 /* ofxUISpacer.h */ = {isa = PBXFileReference; fileEncoding = 4; lastKnownFileType = sourcecode.c.h; path = ofxUISpacer.h; sourceTree = "<group>"; };
		E7B9E2EE1687A09100AEAC02 /* ofxUISpectrum.h */ = {isa = PBXFileReference; fileEncoding = 4; lastKnownFileType = sourcecode.c.h; path = ofxUISpectrum.h; sourceTree = "<group>"; };
		E7B9E2EF1687A09100AEAC02 /* ofxUITextArea.h */ = {isa = PBXFileReference; fileEncoding = 4; lastKnownFileType = sourcecode.c.h; path = ofxUITextArea.h; sourceTree = "<group>"; };
		E7B9E2F01687A09100AEAC02 /* ofxUITextInput.h */ = {isa = PBXFileReference; fileEncoding = 4; lastKnownFileType = sourcecode.c.h; path = ofxUITextInput.h; sourceTree = "<group>"; };
		E7B9E2F11687A09100AEAC02 /* ofxUIToggle.h */ = {isa = PBXFileReference; fileEncoding = 4; lastKnownFileType = sourcecode.c.h; path = ofxUIToggle.h; sourceTree = "<group>"; };
		E7B9E2F21687A09100AEAC02 /* ofxUIToggleMatrix.h */ = {isa = PBXFileReference; fileEncoding = 4; lastKnownFileType = sourcecode.c.h; path = ofxUIToggleMatrix.h; sourceTree = "<group>"; };
		E7B9E2F31687A09100AEAC02 /* ofxUIWaveform.h */ = {isa = PBXFileReference; fileEncoding = 4; lastKnownFileType = sourcecode.c.h; path = ofxUIWaveform.h; sourceTree = "<group>"; };
		E7B9E2F41687A09100AEAC02 /* ofxUIWidget.h */ = {isa = PBXFileReference; fileEncoding = 4; lastKnownFileType = sourcecode.c.h; path = ofxUIWidget.h; sourceTree = "<group>"; };
		E7B9E2F51687A09100AEAC02 /* ofxUIWidgetWithLabel.h */ = {isa = PBXFileReference; fileEncoding = 4; lastKnownFileType = sourcecode.c.h; path = ofxUIWidgetWithLabel.h; sourceTree = "<group>"; };
/* End PBXFileReference section */

/* Begin PBXFrameworksBuildPhase section */
		E4B69B590A3A1756003C02F2 /* Frameworks */ = {
			isa = PBXFrameworksBuildPhase;
			buildActionMask = 2147483647;
			files = (
				E7B9E14916868DDF00AEAC02 /* Accelerate.framework in Frameworks */,
				E7B9E14716868DDA00AEAC02 /* CoreVideo.framework in Frameworks */,
				E7B9E14516868DD600AEAC02 /* QTKit.framework in Frameworks */,
				E4EB6799138ADC1D00A09F29 /* GLUT.framework in Frameworks */,
				E4328149138ABC9F0047C5CB /* openFrameworksDebug.a in Frameworks */,
				E45BE97B0E8CC7DD009D7055 /* AGL.framework in Frameworks */,
				E45BE97C0E8CC7DD009D7055 /* ApplicationServices.framework in Frameworks */,
				E45BE97D0E8CC7DD009D7055 /* AudioToolbox.framework in Frameworks */,
				E45BE97E0E8CC7DD009D7055 /* Carbon.framework in Frameworks */,
				E45BE97F0E8CC7DD009D7055 /* CoreAudio.framework in Frameworks */,
				E45BE9800E8CC7DD009D7055 /* CoreFoundation.framework in Frameworks */,
				E45BE9810E8CC7DD009D7055 /* CoreServices.framework in Frameworks */,
				E45BE9830E8CC7DD009D7055 /* OpenGL.framework in Frameworks */,
				E45BE9840E8CC7DD009D7055 /* QuickTime.framework in Frameworks */,
				E4C2424710CC5A17004149E2 /* AppKit.framework in Frameworks */,
				E4C2424810CC5A17004149E2 /* Cocoa.framework in Frameworks */,
				E4C2424910CC5A17004149E2 /* IOKit.framework in Frameworks */,
				E7B9E10B16868C1400AEAC02 /* opencv.a in Frameworks */,
			);
			runOnlyForDeploymentPostprocessing = 0;
		};
/* End PBXFrameworksBuildPhase section */

/* Begin PBXGroup section */
		BB4B014C10F69532006C3DED /* addons */ = {
			isa = PBXGroup;
			children = (
				E75315651742C9BD005952A8 /* ofxTextInputField */,
				E75315571742C4FD005952A8 /* ofxXmlSettings */,
				E753EA691742C2F2005952A8 /* ofxPCL */,
				E7B9E1531687A08D00AEAC02 /* ofxUI */,
				E7B9DDBE16868BE000AEAC02 /* ofxCv */,
				E7B9DD8C16868BBE00AEAC02 /* ofxGameCamera */,
				E7B9DDA216868BBE00AEAC02 /* ofxRange */,
				E7B9DC8E16868B7C00AEAC02 /* ofxRGBDepth */,
			);
			name = addons;
			sourceTree = "<group>";
		};
		BBAB23C913894ECA00AA2426 /* system frameworks */ = {
			isa = PBXGroup;
			children = (
				E7B9E14816868DDF00AEAC02 /* Accelerate.framework */,
				E7B9E14616868DDA00AEAC02 /* CoreVideo.framework */,
				E7B9E14416868DD600AEAC02 /* QTKit.framework */,
				E4C2424410CC5A17004149E2 /* AppKit.framework */,
				E4C2424510CC5A17004149E2 /* Cocoa.framework */,
				E4C2424610CC5A17004149E2 /* IOKit.framework */,
				E45BE9710E8CC7DD009D7055 /* AGL.framework */,
				E45BE9720E8CC7DD009D7055 /* ApplicationServices.framework */,
				E45BE9730E8CC7DD009D7055 /* AudioToolbox.framework */,
				E45BE9740E8CC7DD009D7055 /* Carbon.framework */,
				E45BE9750E8CC7DD009D7055 /* CoreAudio.framework */,
				E45BE9760E8CC7DD009D7055 /* CoreFoundation.framework */,
				E45BE9770E8CC7DD009D7055 /* CoreServices.framework */,
				E45BE9790E8CC7DD009D7055 /* OpenGL.framework */,
				E45BE97A0E8CC7DD009D7055 /* QuickTime.framework */,
			);
			name = "system frameworks";
			sourceTree = "<group>";
		};
		BBAB23CA13894EDB00AA2426 /* 3rd party frameworks */ = {
			isa = PBXGroup;
			children = (
				BBAB23BE13894E4700AA2426 /* GLUT.framework */,
			);
			name = "3rd party frameworks";
			sourceTree = "<group>";
		};
		E4328144138ABC890047C5CB /* Products */ = {
			isa = PBXGroup;
			children = (
				E4328148138ABC890047C5CB /* openFrameworksDebug.a */,
			);
			name = Products;
			sourceTree = "<group>";
		};
		E45BE5980E8CC70C009D7055 /* frameworks */ = {
			isa = PBXGroup;
			children = (
				BBAB23CA13894EDB00AA2426 /* 3rd party frameworks */,
				BBAB23C913894ECA00AA2426 /* system frameworks */,
			);
			name = frameworks;
			sourceTree = "<group>";
		};
		E4B69B4A0A3A1720003C02F2 = {
			isa = PBXGroup;
			children = (
				E4B6FCAD0C3E899E008CF71C /* openFrameworks-Info.plist */,
				E4EB6923138AFD0F00A09F29 /* Project.xcconfig */,
				E4B69E1C0A3A1BDC003C02F2 /* src */,
				E4EEC9E9138DF44700A80321 /* openFrameworks */,
				BB4B014C10F69532006C3DED /* addons */,
				E45BE5980E8CC70C009D7055 /* frameworks */,
				E4B69B5B0A3A1756003C02F2 /* NormalGeneratorDebug.app */,
			);
			sourceTree = "<group>";
		};
		E4B69E1C0A3A1BDC003C02F2 /* src */ = {
			isa = PBXGroup;
			children = (
				E4B69E1D0A3A1BDC003C02F2 /* main.cpp */,
				E4B69E1F0A3A1BDC003C02F2 /* testApp.h */,
				E4B69E1E0A3A1BDC003C02F2 /* testApp.cpp */,
			);
			path = src;
			sourceTree = SOURCE_ROOT;
		};
		E4EEC9E9138DF44700A80321 /* openFrameworks */ = {
			isa = PBXGroup;
			children = (
				E4EB691F138AFCF100A09F29 /* CoreOF.xcconfig */,
				E4328143138ABC890047C5CB /* openFrameworksLib.xcodeproj */,
			);
			name = openFrameworks;
			sourceTree = "<group>";
		};
		E75315191742C32E005952A8 /* src */ = {
			isa = PBXGroup;
			children = (
				E753151A1742C32E005952A8 /* ofxPCL.cpp */,
				E753151B1742C32E005952A8 /* ofxPCL.h */,
				E753151C1742C32E005952A8 /* Tree.h */,
				E753151D1742C32E005952A8 /* Types.h */,
				E753151E1742C32E005952A8 /* Utility.cpp */,
				E753151F1742C32E005952A8 /* Utility.h */,
			);
			path = src;
			sourceTree = "<group>";
		};
		E75315571742C4FD005952A8 /* ofxXmlSettings */ = {
			isa = PBXGroup;
			children = (
				E75315581742C4FD005952A8 /* libs */,
				E753155D1742C4FD005952A8 /* src */,
			);
			name = ofxXmlSettings;
			path = ../../../addons/ofxXmlSettings;
			sourceTree = "<group>";
		};
		E75315581742C4FD005952A8 /* libs */ = {
			isa = PBXGroup;
			children = (
				E75315591742C4FD005952A8 /* tinyxml.cpp */,
				E753155A1742C4FD005952A8 /* tinyxml.h */,
				E753155B1742C4FD005952A8 /* tinyxmlerror.cpp */,
				E753155C1742C4FD005952A8 /* tinyxmlparser.cpp */,
			);
			path = libs;
			sourceTree = "<group>";
		};
		E753155D1742C4FD005952A8 /* src */ = {
			isa = PBXGroup;
			children = (
				E753155E1742C4FD005952A8 /* ofxXmlSettings.cpp */,
				E753155F1742C4FD005952A8 /* ofxXmlSettings.h */,
			);
			path = src;
			sourceTree = "<group>";
		};
		E75315651742C9BD005952A8 /* ofxTextInputField */ = {
			isa = PBXGroup;
			children = (
				E75315731742C9BF005952A8 /* src */,
			);
			name = ofxTextInputField;
			path = ../../../addons/ofxTextInputField;
			sourceTree = "<group>";
		};
		E75315731742C9BF005952A8 /* src */ = {
			isa = PBXGroup;
			children = (
				E75315741742C9BF005952A8 /* ofxTextInputField.cpp */,
				E75315751742C9BF005952A8 /* ofxTextInputField.h */,
			);
			path = src;
			sourceTree = "<group>";
		};
		E753EA691742C2F2005952A8 /* ofxPCL */ = {
			isa = PBXGroup;
			children = (
				E75315191742C32E005952A8 /* src */,
			);
			name = ofxPCL;
			path = ../../../addons/ofxPCL;
			sourceTree = "<group>";
		};
		E7B9DC8E16868B7C00AEAC02 /* ofxRGBDepth */ = {
			isa = PBXGroup;
			children = (
				E7B9DD2A16868B7D00AEAC02 /* src */,
			);
			name = ofxRGBDepth;
			path = ../../../addons/ofxRGBDepth;
			sourceTree = "<group>";
		};
		E7B9DD2A16868B7D00AEAC02 /* src */ = {
			isa = PBXGroup;
			children = (
				E7B9DD2B16868B7D00AEAC02 /* ofxCvCheckerboardPreview.cpp */,
				E7B9DD2C16868B7D00AEAC02 /* ofxCvCheckerboardPreview.h */,
				E7B9DD2D16868B7D00AEAC02 /* ofxDepthHoleFiller.cpp */,
				E7B9DD2E16868B7D00AEAC02 /* ofxDepthHoleFiller.h */,
				E7B9DD2F16868B7D00AEAC02 /* ofxDepthImageCompressor.cpp */,
				E7B9DD3016868B7D00AEAC02 /* ofxDepthImageCompressor.h */,
				E7B9DD3116868B7D00AEAC02 /* ofxDepthImageProvider.cpp */,
				E7B9DD3216868B7D00AEAC02 /* ofxDepthImageProvider.h */,
				E7B9DD3516868B7D00AEAC02 /* ofxDepthImageSequence.cpp */,
				E7B9DD3616868B7D00AEAC02 /* ofxDepthImageSequence.h */,
				E753BF771742BC5C005952A8 /* ofxRGBDCPURenderer.cpp */,
				E753BF781742BC5C005952A8 /* ofxRGBDCPURenderer.h */,
				E7B9DD3B16868B7D00AEAC02 /* ofxRGBDPlayer.cpp */,
				E7B9DD3C16868B7D00AEAC02 /* ofxRGBDPlayer.h */,
				E7B9DD3D16868B7D00AEAC02 /* ofxRGBDRenderer.cpp */,
				E7B9DD3E16868B7D00AEAC02 /* ofxRGBDRenderer.h */,
				E7B9DD3F16868B7D00AEAC02 /* ofxRGBDScene.cpp */,
				E7B9DD4016868B7D00AEAC02 /* ofxRGBDScene.h */,
				E7B9DD4116868B7D00AEAC02 /* ofxRGBDVideoDepthSequence.cpp */,
				E7B9DD4216868B7D00AEAC02 /* ofxRGBDVideoDepthSequence.h */,
			);
			path = src;
			sourceTree = "<group>";
		};
		E7B9DD8C16868BBE00AEAC02 /* ofxGameCamera */ = {
			isa = PBXGroup;
			children = (
				E7B9DD9F16868BBE00AEAC02 /* src */,
			);
			name = ofxGameCamera;
			path = ../../../addons/ofxGameCamera;
			sourceTree = "<group>";
		};
		E7B9DD9F16868BBE00AEAC02 /* src */ = {
			isa = PBXGroup;
			children = (
				E7B9DDA016868BBE00AEAC02 /* ofxGameCamera.cpp */,
				E7B9DDA116868BBE00AEAC02 /* ofxGameCamera.h */,
			);
			path = src;
			sourceTree = "<group>";
		};
		E7B9DDA216868BBE00AEAC02 /* ofxRange */ = {
			isa = PBXGroup;
			children = (
				E7B9DDA416868BBE00AEAC02 /* src */,
			);
			name = ofxRange;
			path = ../../../addons/ofxRange;
			sourceTree = "<group>";
		};
		E7B9DDA416868BBE00AEAC02 /* src */ = {
			isa = PBXGroup;
			children = (
				E7B9DDA516868BBE00AEAC02 /* ofRange.h */,
			);
			path = src;
			sourceTree = "<group>";
		};
		E7B9DDBE16868BE000AEAC02 /* ofxCv */ = {
			isa = PBXGroup;
			children = (
				E7B9DEF316868BE000AEAC02 /* libs */,
				E7B9DF0B16868BE000AEAC02 /* readme.md */,
				E7B9DF0C16868BE000AEAC02 /* src */,
				E7B9DF0E16868BE000AEAC02 /* update-projects.py */,
			);
			name = ofxCv;
			path = ../../../addons/ofxCv;
			sourceTree = "<group>";
		};
		E7B9DEF316868BE000AEAC02 /* libs */ = {
			isa = PBXGroup;
			children = (
				E7B9DFDE16868C1300AEAC02 /* opencv */,
				E7B9DEF516868BE000AEAC02 /* ofxCv */,
			);
			path = libs;
			sourceTree = "<group>";
		};
		E7B9DEF516868BE000AEAC02 /* ofxCv */ = {
			isa = PBXGroup;
			children = (
				E7B9DEF616868BE000AEAC02 /* include */,
				E7B9DF0116868BE000AEAC02 /* src */,
			);
			path = ofxCv;
			sourceTree = "<group>";
		};
		E7B9DEF616868BE000AEAC02 /* include */ = {
			isa = PBXGroup;
			children = (
				E7B9DEF716868BE000AEAC02 /* ofxCv */,
			);
			path = include;
			sourceTree = "<group>";
		};
		E7B9DEF716868BE000AEAC02 /* ofxCv */ = {
			isa = PBXGroup;
			children = (
				E7B9DEF816868BE000AEAC02 /* Calibration.h */,
				E7B9DEF916868BE000AEAC02 /* ContourFinder.h */,
				E7B9DEFA16868BE000AEAC02 /* Distance.h */,
				E7B9DEFB16868BE000AEAC02 /* Flow.h */,
				E7B9DEFC16868BE000AEAC02 /* Helpers.h */,
				E7B9DEFD16868BE000AEAC02 /* RunningBackground.h */,
				E7B9DEFE16868BE000AEAC02 /* Tracker.h */,
				E7B9DEFF16868BE000AEAC02 /* Utilities.h */,
				E7B9DF0016868BE000AEAC02 /* Wrappers.h */,
			);
			path = ofxCv;
			sourceTree = "<group>";
		};
		E7B9DF0116868BE000AEAC02 /* src */ = {
			isa = PBXGroup;
			children = (
				E7B9DF0216868BE000AEAC02 /* Calibration.cpp */,
				E7B9DF0316868BE000AEAC02 /* ContourFinder.cpp */,
				E7B9DF0416868BE000AEAC02 /* Distance.cpp */,
				E7B9DF0516868BE000AEAC02 /* Flow.cpp */,
				E7B9DF0616868BE000AEAC02 /* Helpers.cpp */,
				E7B9DF0716868BE000AEAC02 /* RunningBackground.cpp */,
				E7B9DF0816868BE000AEAC02 /* Tracker.cpp */,
				E7B9DF0916868BE000AEAC02 /* Utilities.cpp */,
				E7B9DF0A16868BE000AEAC02 /* Wrappers.cpp */,
			);
			path = src;
			sourceTree = "<group>";
		};
		E7B9DF0C16868BE000AEAC02 /* src */ = {
			isa = PBXGroup;
			children = (
				E7B9DF0D16868BE000AEAC02 /* ofxCv.h */,
			);
			path = src;
			sourceTree = "<group>";
		};
		E7B9DFDE16868C1300AEAC02 /* opencv */ = {
			isa = PBXGroup;
			children = (
				E7B9DFDF16868C1300AEAC02 /* include */,
				E7B9E04116868C1300AEAC02 /* lib */,
			);
			name = opencv;
			path = ../../ofxOpenCv/libs/opencv;
			sourceTree = "<group>";
		};
		E7B9DFDF16868C1300AEAC02 /* include */ = {
			isa = PBXGroup;
			children = (
				E7B9DFE016868C1300AEAC02 /* opencv */,
				E7B9DFEC16868C1300AEAC02 /* opencv2 */,
			);
			path = include;
			sourceTree = "<group>";
		};
		E7B9DFE016868C1300AEAC02 /* opencv */ = {
			isa = PBXGroup;
			children = (
				E7B9DFE116868C1300AEAC02 /* cv.h */,
				E7B9DFE216868C1300AEAC02 /* cv.hpp */,
				E7B9DFE316868C1300AEAC02 /* cvaux.h */,
				E7B9DFE416868C1300AEAC02 /* cvaux.hpp */,
				E7B9DFE516868C1300AEAC02 /* cvwimage.h */,
				E7B9DFE616868C1300AEAC02 /* cxcore.h */,
				E7B9DFE716868C1300AEAC02 /* cxcore.hpp */,
				E7B9DFE816868C1300AEAC02 /* cxeigen.hpp */,
				E7B9DFE916868C1300AEAC02 /* cxmisc.h */,
				E7B9DFEA16868C1300AEAC02 /* highgui.h */,
				E7B9DFEB16868C1300AEAC02 /* ml.h */,
			);
			path = opencv;
			sourceTree = "<group>";
		};
		E7B9DFEC16868C1300AEAC02 /* opencv2 */ = {
			isa = PBXGroup;
			children = (
				E7B9DFED16868C1300AEAC02 /* calib3d */,
				E7B9DFEF16868C1300AEAC02 /* contrib */,
				E7B9DFF216868C1300AEAC02 /* core */,
				E7B9DFFC16868C1300AEAC02 /* features2d */,
				E7B9DFFE16868C1300AEAC02 /* flann */,
				E7B9E02316868C1300AEAC02 /* gpu */,
				E7B9E02916868C1300AEAC02 /* highgui */,
				E7B9E02C16868C1300AEAC02 /* imgproc */,
				E7B9E03016868C1300AEAC02 /* legacy */,
				E7B9E03516868C1300AEAC02 /* ml */,
				E7B9E03716868C1300AEAC02 /* objdetect */,
				E7B9E03916868C1300AEAC02 /* opencv.hpp */,
				E7B9E03A16868C1300AEAC02 /* ts */,
				E7B9E03D16868C1300AEAC02 /* video */,
			);
			path = opencv2;
			sourceTree = "<group>";
		};
		E7B9DFED16868C1300AEAC02 /* calib3d */ = {
			isa = PBXGroup;
			children = (
				E7B9DFEE16868C1300AEAC02 /* calib3d.hpp */,
			);
			path = calib3d;
			sourceTree = "<group>";
		};
		E7B9DFEF16868C1300AEAC02 /* contrib */ = {
			isa = PBXGroup;
			children = (
				E7B9DFF016868C1300AEAC02 /* contrib.hpp */,
				E7B9DFF116868C1300AEAC02 /* retina.hpp */,
			);
			path = contrib;
			sourceTree = "<group>";
		};
		E7B9DFF216868C1300AEAC02 /* core */ = {
			isa = PBXGroup;
			children = (
				E7B9DFF316868C1300AEAC02 /* core.hpp */,
				E7B9DFF416868C1300AEAC02 /* core_c.h */,
				E7B9DFF516868C1300AEAC02 /* eigen.hpp */,
				E7B9DFF616868C1300AEAC02 /* internal.hpp */,
				E7B9DFF716868C1300AEAC02 /* mat.hpp */,
				E7B9DFF816868C1300AEAC02 /* operations.hpp */,
				E7B9DFF916868C1300AEAC02 /* types_c.h */,
				E7B9DFFA16868C1300AEAC02 /* version.hpp */,
				E7B9DFFB16868C1300AEAC02 /* wimage.hpp */,
			);
			path = core;
			sourceTree = "<group>";
		};
		E7B9DFFC16868C1300AEAC02 /* features2d */ = {
			isa = PBXGroup;
			children = (
				E7B9DFFD16868C1300AEAC02 /* features2d.hpp */,
			);
			path = features2d;
			sourceTree = "<group>";
		};
		E7B9DFFE16868C1300AEAC02 /* flann */ = {
			isa = PBXGroup;
			children = (
				E7B9DFFF16868C1300AEAC02 /* all_indices.h */,
				E7B9E00016868C1300AEAC02 /* allocator.h */,
				E7B9E00116868C1300AEAC02 /* any.h */,
				E7B9E00216868C1300AEAC02 /* autotuned_index.h */,
				E7B9E00316868C1300AEAC02 /* composite_index.h */,
				E7B9E00416868C1300AEAC02 /* config.h */,
				E7B9E00516868C1300AEAC02 /* defines.h */,
				E7B9E00616868C1300AEAC02 /* dist.h */,
				E7B9E00716868C1300AEAC02 /* dummy.h */,
				E7B9E00816868C1300AEAC02 /* dynamic_bitset.h */,
				E7B9E00916868C1300AEAC02 /* flann.hpp */,
				E7B9E00A16868C1300AEAC02 /* flann_base.hpp */,
				E7B9E00B16868C1300AEAC02 /* general.h */,
				E7B9E00C16868C1300AEAC02 /* ground_truth.h */,
				E7B9E00D16868C1300AEAC02 /* hdf5.h */,
				E7B9E00E16868C1300AEAC02 /* heap.h */,
				E7B9E00F16868C1300AEAC02 /* hierarchical_clustering_index.h */,
				E7B9E01016868C1300AEAC02 /* index_testing.h */,
				E7B9E01116868C1300AEAC02 /* kdtree_index.h */,
				E7B9E01216868C1300AEAC02 /* kdtree_single_index.h */,
				E7B9E01316868C1300AEAC02 /* kmeans_index.h */,
				E7B9E01416868C1300AEAC02 /* linear_index.h */,
				E7B9E01516868C1300AEAC02 /* logger.h */,
				E7B9E01616868C1300AEAC02 /* lsh_index.h */,
				E7B9E01716868C1300AEAC02 /* lsh_table.h */,
				E7B9E01816868C1300AEAC02 /* matrix.h */,
				E7B9E01916868C1300AEAC02 /* miniflann.hpp */,
				E7B9E01A16868C1300AEAC02 /* nn_index.h */,
				E7B9E01B16868C1300AEAC02 /* object_factory.h */,
				E7B9E01C16868C1300AEAC02 /* params.h */,
				E7B9E01D16868C1300AEAC02 /* random.h */,
				E7B9E01E16868C1300AEAC02 /* result_set.h */,
				E7B9E01F16868C1300AEAC02 /* sampling.h */,
				E7B9E02016868C1300AEAC02 /* saving.h */,
				E7B9E02116868C1300AEAC02 /* simplex_downhill.h */,
				E7B9E02216868C1300AEAC02 /* timer.h */,
			);
			path = flann;
			sourceTree = "<group>";
		};
		E7B9E02316868C1300AEAC02 /* gpu */ = {
			isa = PBXGroup;
			children = (
				E7B9E02416868C1300AEAC02 /* devmem2d.hpp */,
				E7B9E02516868C1300AEAC02 /* gpu.hpp */,
				E7B9E02616868C1300AEAC02 /* gpumat.hpp */,
				E7B9E02716868C1300AEAC02 /* matrix_operations.hpp */,
				E7B9E02816868C1300AEAC02 /* stream_accessor.hpp */,
			);
			path = gpu;
			sourceTree = "<group>";
		};
		E7B9E02916868C1300AEAC02 /* highgui */ = {
			isa = PBXGroup;
			children = (
				E7B9E02A16868C1300AEAC02 /* highgui.hpp */,
				E7B9E02B16868C1300AEAC02 /* highgui_c.h */,
			);
			path = highgui;
			sourceTree = "<group>";
		};
		E7B9E02C16868C1300AEAC02 /* imgproc */ = {
			isa = PBXGroup;
			children = (
				E7B9E02D16868C1300AEAC02 /* imgproc.hpp */,
				E7B9E02E16868C1300AEAC02 /* imgproc_c.h */,
				E7B9E02F16868C1300AEAC02 /* types_c.h */,
			);
			path = imgproc;
			sourceTree = "<group>";
		};
		E7B9E03016868C1300AEAC02 /* legacy */ = {
			isa = PBXGroup;
			children = (
				E7B9E03116868C1300AEAC02 /* blobtrack.hpp */,
				E7B9E03216868C1300AEAC02 /* compat.hpp */,
				E7B9E03316868C1300AEAC02 /* legacy.hpp */,
				E7B9E03416868C1300AEAC02 /* streams.hpp */,
			);
			path = legacy;
			sourceTree = "<group>";
		};
		E7B9E03516868C1300AEAC02 /* ml */ = {
			isa = PBXGroup;
			children = (
				E7B9E03616868C1300AEAC02 /* ml.hpp */,
			);
			path = ml;
			sourceTree = "<group>";
		};
		E7B9E03716868C1300AEAC02 /* objdetect */ = {
			isa = PBXGroup;
			children = (
				E7B9E03816868C1300AEAC02 /* objdetect.hpp */,
			);
			path = objdetect;
			sourceTree = "<group>";
		};
		E7B9E03A16868C1300AEAC02 /* ts */ = {
			isa = PBXGroup;
			children = (
				E7B9E03B16868C1300AEAC02 /* ts.hpp */,
				E7B9E03C16868C1300AEAC02 /* ts_gtest.h */,
			);
			path = ts;
			sourceTree = "<group>";
		};
		E7B9E03D16868C1300AEAC02 /* video */ = {
			isa = PBXGroup;
			children = (
				E7B9E03E16868C1300AEAC02 /* background_segm.hpp */,
				E7B9E03F16868C1300AEAC02 /* tracking.hpp */,
				E7B9E04016868C1300AEAC02 /* video.hpp */,
			);
			path = video;
			sourceTree = "<group>";
		};
		E7B9E04116868C1300AEAC02 /* lib */ = {
			isa = PBXGroup;
			children = (
				E7B9E08D16868C1300AEAC02 /* osx */,
			);
			path = lib;
			sourceTree = "<group>";
		};
		E7B9E08D16868C1300AEAC02 /* osx */ = {
			isa = PBXGroup;
			children = (
				E7B9E08E16868C1300AEAC02 /* opencv.a */,
			);
			path = osx;
			sourceTree = "<group>";
		};
		E7B9E1531687A08D00AEAC02 /* ofxUI */ = {
			isa = PBXGroup;
			children = (
				E7B9E2CC1687A09100AEAC02 /* README */,
				E7B9E2CD1687A09100AEAC02 /* src */,
			);
			name = ofxUI;
			path = ../../../addons/ofxUI;
			sourceTree = "<group>";
		};
		E7B9E2CD1687A09100AEAC02 /* src */ = {
			isa = PBXGroup;
			children = (
				E7B9E2CE1687A09100AEAC02 /* ofxUI.h */,
				E7B9E2CF1687A09100AEAC02 /* ofxUI2DPad.h */,
				E7B9E2D01687A09100AEAC02 /* ofxUIBiLabelSlider.h */,
				E7B9E2D11687A09100AEAC02 /* ofxUIButton.h */,
				E7B9E2D21687A09100AEAC02 /* ofxUICanvas.h */,
				E7B9E2D31687A09100AEAC02 /* ofxUICircleSlider.h */,
				E7B9E2D41687A09100AEAC02 /* ofxUICustomImageButton.h */,
				E7B9E2D51687A09100AEAC02 /* ofxUIDropDownList.h */,
				E7B9E2D61687A09100AEAC02 /* ofxUIEventArgs.h */,
				E7B9E2D71687A09100AEAC02 /* ofxUIFPS.h */,
				E7B9E2D81687A09100AEAC02 /* ofxUIFPSSlider.h */,
				E7B9E2D91687A09100AEAC02 /* ofxUIImage.h */,
				E7B9E2DA1687A09100AEAC02 /* ofxUIImageButton.h */,
				E7B9E2DB1687A09100AEAC02 /* ofxUIImageSampler.h */,
				E7B9E2DC1687A09100AEAC02 /* ofxUIImageSlider.h */,
				E7B9E2DD1687A09100AEAC02 /* ofxUIImageToggle.h */,
				E7B9E2DE1687A09100AEAC02 /* ofxUILabel.h */,
				E7B9E2DF1687A09100AEAC02 /* ofxUILabelButton.h */,
				E7B9E2E01687A09100AEAC02 /* ofxUILabelToggle.h */,
				E7B9E2E11687A09100AEAC02 /* ofxUIMinimalSlider.h */,
				E7B9E2E21687A09100AEAC02 /* ofxUIMovingGraph.h */,
				E7B9E2E31687A09100AEAC02 /* ofxUIMultiImageButton.h */,
				E7B9E2E41687A09100AEAC02 /* ofxUIMultiImageSlider.h */,
				E7B9E2E51687A09100AEAC02 /* ofxUIMultiImageToggle.h */,
				E7B9E2E61687A09100AEAC02 /* ofxUINumberDialer.h */,
				E7B9E2E71687A09100AEAC02 /* ofxUIRadio.h */,
				E7B9E2E81687A09100AEAC02 /* ofxUIRangeSlider.h */,
				E7B9E2E91687A09100AEAC02 /* ofxUIRectangle.h */,
				E7B9E2EA1687A09100AEAC02 /* ofxUIRotarySlider.h */,
				E7B9E2EB1687A09100AEAC02 /* ofxUIScrollableCanvas.h */,
				E7B9E2EC1687A09100AEAC02 /* ofxUISlider.h */,
				E7B9E2ED1687A09100AEAC02 /* ofxUISpacer.h */,
				E7B9E2EE1687A09100AEAC02 /* ofxUISpectrum.h */,
				E7B9E2EF1687A09100AEAC02 /* ofxUITextArea.h */,
				E7B9E2F01687A09100AEAC02 /* ofxUITextInput.h */,
				E7B9E2F11687A09100AEAC02 /* ofxUIToggle.h */,
				E7B9E2F21687A09100AEAC02 /* ofxUIToggleMatrix.h */,
				E7B9E2F31687A09100AEAC02 /* ofxUIWaveform.h */,
				E7B9E2F41687A09100AEAC02 /* ofxUIWidget.h */,
				E7B9E2F51687A09100AEAC02 /* ofxUIWidgetWithLabel.h */,
			);
			path = src;
			sourceTree = "<group>";
		};
/* End PBXGroup section */

/* Begin PBXNativeTarget section */
		E4B69B5A0A3A1756003C02F2 /* NormalGenerator */ = {
			isa = PBXNativeTarget;
			buildConfigurationList = E4B69B5F0A3A1757003C02F2 /* Build configuration list for PBXNativeTarget "NormalGenerator" */;
			buildPhases = (
				E4B69B580A3A1756003C02F2 /* Sources */,
				E4B69B590A3A1756003C02F2 /* Frameworks */,
				E4B6FFFD0C3F9AB9008CF71C /* ShellScript */,
				E4C2427710CC5ABF004149E2 /* CopyFiles */,
			);
			buildRules = (
			);
			dependencies = (
				E4EEB9AC138B136A00A80321 /* PBXTargetDependency */,
			);
			name = NormalGenerator;
			productName = myOFApp;
			productReference = E4B69B5B0A3A1756003C02F2 /* NormalGeneratorDebug.app */;
			productType = "com.apple.product-type.application";
		};
/* End PBXNativeTarget section */

/* Begin PBXProject section */
		E4B69B4C0A3A1720003C02F2 /* Project object */ = {
			isa = PBXProject;
			buildConfigurationList = E4B69B4D0A3A1720003C02F2 /* Build configuration list for PBXProject "NormalGenerator" */;
			compatibilityVersion = "Xcode 2.4";
			developmentRegion = English;
			hasScannedForEncodings = 0;
			knownRegions = (
				English,
				Japanese,
				French,
				German,
			);
			mainGroup = E4B69B4A0A3A1720003C02F2;
			productRefGroup = E4B69B4A0A3A1720003C02F2;
			projectDirPath = "";
			projectReferences = (
				{
					ProductGroup = E4328144138ABC890047C5CB /* Products */;
					ProjectRef = E4328143138ABC890047C5CB /* openFrameworksLib.xcodeproj */;
				},
			);
			projectRoot = "";
			targets = (
				E4B69B5A0A3A1756003C02F2 /* NormalGenerator */,
			);
		};
/* End PBXProject section */

/* Begin PBXReferenceProxy section */
		E4328148138ABC890047C5CB /* openFrameworksDebug.a */ = {
			isa = PBXReferenceProxy;
			fileType = archive.ar;
			path = openFrameworksDebug.a;
			remoteRef = E4328147138ABC890047C5CB /* PBXContainerItemProxy */;
			sourceTree = BUILT_PRODUCTS_DIR;
		};
/* End PBXReferenceProxy section */

/* Begin PBXShellScriptBuildPhase section */
		E4B6FFFD0C3F9AB9008CF71C /* ShellScript */ = {
			isa = PBXShellScriptBuildPhase;
			buildActionMask = 2147483647;
			files = (
			);
			inputPaths = (
			);
			outputPaths = (
			);
			runOnlyForDeploymentPostprocessing = 0;
			shellPath = /bin/sh;
			shellScript = "cp -f ../../../libs/fmodex/lib/osx/libfmodex.dylib \"$TARGET_BUILD_DIR/$PRODUCT_NAME.app/Contents/MacOS/libfmodex.dylib\"; install_name_tool -change ./libfmodex.dylib @executable_path/libfmodex.dylib \"$TARGET_BUILD_DIR/$PRODUCT_NAME.app/Contents/MacOS/$PRODUCT_NAME\";";
		};
/* End PBXShellScriptBuildPhase section */

/* Begin PBXSourcesBuildPhase section */
		E4B69B580A3A1756003C02F2 /* Sources */ = {
			isa = PBXSourcesBuildPhase;
			buildActionMask = 2147483647;
			files = (
				E4B69E200A3A1BDC003C02F2 /* main.cpp in Sources */,
				E4B69E210A3A1BDC003C02F2 /* testApp.cpp in Sources */,
				E7B9DD7116868B7F00AEAC02 /* ofxCvCheckerboardPreview.cpp in Sources */,
				E7B9DD7216868B7F00AEAC02 /* ofxDepthHoleFiller.cpp in Sources */,
				E7B9DD7316868B7F00AEAC02 /* ofxDepthImageCompressor.cpp in Sources */,
				E7B9DD7416868B7F00AEAC02 /* ofxDepthImageProvider.cpp in Sources */,
				E7B9DD7616868B7F00AEAC02 /* ofxDepthImageSequence.cpp in Sources */,
				E7B9DD7916868B7F00AEAC02 /* ofxRGBDPlayer.cpp in Sources */,
				E7B9DD7A16868B7F00AEAC02 /* ofxRGBDRenderer.cpp in Sources */,
				E7B9DD7B16868B7F00AEAC02 /* ofxRGBDScene.cpp in Sources */,
				E7B9DD7C16868B7F00AEAC02 /* ofxRGBDVideoDepthSequence.cpp in Sources */,
				E7B9DDB616868BBE00AEAC02 /* ofxGameCamera.cpp in Sources */,
				E7B9DF9F16868BE300AEAC02 /* Calibration.cpp in Sources */,
				E7B9DFA016868BE300AEAC02 /* ContourFinder.cpp in Sources */,
				E7B9DFA116868BE300AEAC02 /* Distance.cpp in Sources */,
				E7B9DFA216868BE300AEAC02 /* Flow.cpp in Sources */,
				E7B9DFA316868BE300AEAC02 /* Helpers.cpp in Sources */,
				E7B9DFA416868BE300AEAC02 /* RunningBackground.cpp in Sources */,
				E7B9DFA516868BE300AEAC02 /* Tracker.cpp in Sources */,
				E7B9DFA616868BE300AEAC02 /* Utilities.cpp in Sources */,
				E7B9DFA716868BE300AEAC02 /* Wrappers.cpp in Sources */,
				E753BF791742BC5C005952A8 /* ofxRGBDCPURenderer.cpp in Sources */,
				E75315431742C32F005952A8 /* ofxPCL.cpp in Sources */,
				E75315441742C32F005952A8 /* Utility.cpp in Sources */,
				E75315601742C4FD005952A8 /* tinyxml.cpp in Sources */,
				E75315611742C4FD005952A8 /* tinyxmlerror.cpp in Sources */,
				E75315621742C4FD005952A8 /* tinyxmlparser.cpp in Sources */,
				E75315631742C4FD005952A8 /* ofxXmlSettings.cpp in Sources */,
				E75315781742C9BF005952A8 /* ofxTextInputField.cpp in Sources */,
			);
			runOnlyForDeploymentPostprocessing = 0;
		};
/* End PBXSourcesBuildPhase section */

/* Begin PBXTargetDependency section */
		E4EEB9AC138B136A00A80321 /* PBXTargetDependency */ = {
			isa = PBXTargetDependency;
			name = openFrameworks;
			targetProxy = E4EEB9AB138B136A00A80321 /* PBXContainerItemProxy */;
		};
/* End PBXTargetDependency section */

/* Begin XCBuildConfiguration section */
		E4B69B4E0A3A1720003C02F2 /* Debug */ = {
			isa = XCBuildConfiguration;
			baseConfigurationReference = E4EB6923138AFD0F00A09F29 /* Project.xcconfig */;
			buildSettings = {
				ARCHS = "$(NATIVE_ARCH)";
				CONFIGURATION_BUILD_DIR = "$(SRCROOT)/bin/";
				COPY_PHASE_STRIP = NO;
				DEAD_CODE_STRIPPING = YES;
				GCC_AUTO_VECTORIZATION = YES;
				GCC_ENABLE_SSE3_EXTENSIONS = YES;
				GCC_ENABLE_SUPPLEMENTAL_SSE3_INSTRUCTIONS = YES;
				GCC_INLINES_ARE_PRIVATE_EXTERN = NO;
				GCC_MODEL_TUNING = G5;
				GCC_SYMBOLS_PRIVATE_EXTERN = NO;
				GCC_VERSION = "";
				GCC_WARN_ABOUT_DEPRECATED_FUNCTIONS = NO;
				GCC_WARN_ABOUT_INVALID_OFFSETOF_MACRO = NO;
				GCC_WARN_ALLOW_INCOMPLETE_PROTOCOL = NO;
				GCC_WARN_UNINITIALIZED_AUTOS = NO;
				GCC_WARN_UNUSED_VALUE = NO;
				GCC_WARN_UNUSED_VARIABLE = NO;
				OTHER_CPLUSPLUSFLAGS = (
					"-D__MACOSX_CORE__",
					"-lpthread",
				);
			};
			name = Debug;
		};
		E4B69B4F0A3A1720003C02F2 /* Release */ = {
			isa = XCBuildConfiguration;
			baseConfigurationReference = E4EB6923138AFD0F00A09F29 /* Project.xcconfig */;
			buildSettings = {
				ARCHS = "$(NATIVE_ARCH)";
				CONFIGURATION_BUILD_DIR = "$(SRCROOT)/bin/";
				COPY_PHASE_STRIP = YES;
				DEAD_CODE_STRIPPING = YES;
				GCC_AUTO_VECTORIZATION = YES;
				GCC_ENABLE_SSE3_EXTENSIONS = YES;
				GCC_ENABLE_SUPPLEMENTAL_SSE3_INSTRUCTIONS = YES;
				GCC_INLINES_ARE_PRIVATE_EXTERN = NO;
				GCC_MODEL_TUNING = G5;
				GCC_OPTIMIZATION_LEVEL = 3;
				GCC_SYMBOLS_PRIVATE_EXTERN = NO;
				GCC_UNROLL_LOOPS = YES;
				GCC_VERSION = "";
				GCC_WARN_ABOUT_DEPRECATED_FUNCTIONS = NO;
				GCC_WARN_ABOUT_INVALID_OFFSETOF_MACRO = NO;
				GCC_WARN_ALLOW_INCOMPLETE_PROTOCOL = NO;
				GCC_WARN_UNINITIALIZED_AUTOS = NO;
				GCC_WARN_UNUSED_VALUE = NO;
				GCC_WARN_UNUSED_VARIABLE = NO;
				OTHER_CPLUSPLUSFLAGS = (
					"-D__MACOSX_CORE__",
					"-lpthread",
				);
			};
			name = Release;
		};
		E4B69B600A3A1757003C02F2 /* Debug */ = {
			isa = XCBuildConfiguration;
			buildSettings = {
				COPY_PHASE_STRIP = NO;
				FRAMEWORK_SEARCH_PATHS = (
					"$(inherited)",
					"$(FRAMEWORK_SEARCH_PATHS_QUOTED_FOR_TARGET_1)",
				);
				FRAMEWORK_SEARCH_PATHS_QUOTED_FOR_TARGET_1 = "\"$(SRCROOT)/../../../libs/glut/lib/osx\"";
				GCC_DYNAMIC_NO_PIC = NO;
				GCC_ENABLE_FIX_AND_CONTINUE = YES;
				GCC_GENERATE_DEBUGGING_SYMBOLS = YES;
				GCC_MODEL_TUNING = G4;
				GCC_PRECOMPILE_PREFIX_HEADER = YES;
				GCC_PREFIX_HEADER = "$(SYSTEM_LIBRARY_DIR)/Frameworks/Carbon.framework/Headers/Carbon.h";
				INFOPLIST_FILE = "openFrameworks-Info.plist";
				INSTALL_PATH = "$(HOME)/Applications";
				LIBRARY_SEARCH_PATHS = (
					"$(inherited)",
					"$(LIBRARY_SEARCH_PATHS_QUOTED_FOR_TARGET_1)",
					"$(LIBRARY_SEARCH_PATHS_QUOTED_FOR_TARGET_2)",
					"$(LIBRARY_SEARCH_PATHS_QUOTED_FOR_TARGET_3)",
					"$(LIBRARY_SEARCH_PATHS_QUOTED_FOR_TARGET_4)",
					"$(LIBRARY_SEARCH_PATHS_QUOTED_FOR_TARGET_5)",
					"$(LIBRARY_SEARCH_PATHS_QUOTED_FOR_TARGET_6)",
					"$(LIBRARY_SEARCH_PATHS_QUOTED_FOR_TARGET_7)",
					"$(LIBRARY_SEARCH_PATHS_QUOTED_FOR_TARGET_8)",
					"$(LIBRARY_SEARCH_PATHS_QUOTED_FOR_TARGET_9)",
					"$(LIBRARY_SEARCH_PATHS_QUOTED_FOR_TARGET_10)",
					"$(LIBRARY_SEARCH_PATHS_QUOTED_FOR_TARGET_11)",
					"$(LIBRARY_SEARCH_PATHS_QUOTED_FOR_TARGET_12)",
					"$(LIBRARY_SEARCH_PATHS_QUOTED_FOR_TARGET_13)",
					"$(LIBRARY_SEARCH_PATHS_QUOTED_FOR_TARGET_14)",
					"$(LIBRARY_SEARCH_PATHS_QUOTED_FOR_TARGET_15)",
					"$(LIBRARY_SEARCH_PATHS_QUOTED_FOR_TARGET_2)",
					"$(LIBRARY_SEARCH_PATHS_QUOTED_FOR_TARGET_3)",
					"$(LIBRARY_SEARCH_PATHS_QUOTED_FOR_TARGET_7)",
					"$(LIBRARY_SEARCH_PATHS_QUOTED_FOR_TARGET_8)",
					"$(LIBRARY_SEARCH_PATHS_QUOTED_FOR_TARGET_9)",
					"$(LIBRARY_SEARCH_PATHS_QUOTED_FOR_TARGET_10)",
					"$(LIBRARY_SEARCH_PATHS_QUOTED_FOR_TARGET_11)",
					"$(LIBRARY_SEARCH_PATHS_QUOTED_FOR_TARGET_12)",
					"$(LIBRARY_SEARCH_PATHS_QUOTED_FOR_TARGET_13)",
					"$(LIBRARY_SEARCH_PATHS_QUOTED_FOR_TARGET_16)",
					"$(LIBRARY_SEARCH_PATHS_QUOTED_FOR_TARGET_17)",
					"$(LIBRARY_SEARCH_PATHS_QUOTED_FOR_TARGET_18)",
					"$(LIBRARY_SEARCH_PATHS_QUOTED_FOR_TARGET_19)",
					"$(LIBRARY_SEARCH_PATHS_QUOTED_FOR_TARGET_20)",
					"$(LIBRARY_SEARCH_PATHS_QUOTED_FOR_TARGET_21)",
					"$(LIBRARY_SEARCH_PATHS_QUOTED_FOR_TARGET_22)",
					"$(LIBRARY_SEARCH_PATHS_QUOTED_FOR_TARGET_23)",
					"$(LIBRARY_SEARCH_PATHS_QUOTED_FOR_TARGET_24)",
					"$(LIBRARY_SEARCH_PATHS_QUOTED_FOR_TARGET_25)",
					"$(LIBRARY_SEARCH_PATHS_QUOTED_FOR_TARGET_26)",
					"$(LIBRARY_SEARCH_PATHS_QUOTED_FOR_TARGET_27)",
					"$(LIBRARY_SEARCH_PATHS_QUOTED_FOR_TARGET_28)",
					"$(LIBRARY_SEARCH_PATHS_QUOTED_FOR_TARGET_29)",
					"$(LIBRARY_SEARCH_PATHS_QUOTED_FOR_TARGET_30)",
					"$(LIBRARY_SEARCH_PATHS_QUOTED_FOR_TARGET_31)",
					"$(LIBRARY_SEARCH_PATHS_QUOTED_FOR_TARGET_32)",
					"$(LIBRARY_SEARCH_PATHS_QUOTED_FOR_TARGET_33)",
					"$(LIBRARY_SEARCH_PATHS_QUOTED_FOR_TARGET_34)",
					"$(LIBRARY_SEARCH_PATHS_QUOTED_FOR_TARGET_35)",
					"$(LIBRARY_SEARCH_PATHS_QUOTED_FOR_TARGET_36)",
					"$(LIBRARY_SEARCH_PATHS_QUOTED_FOR_TARGET_37)",
					"$(LIBRARY_SEARCH_PATHS_QUOTED_FOR_TARGET_38)",
					"$(LIBRARY_SEARCH_PATHS_QUOTED_FOR_TARGET_39)",
					"$(LIBRARY_SEARCH_PATHS_QUOTED_FOR_TARGET_40)",
					"$(LIBRARY_SEARCH_PATHS_QUOTED_FOR_TARGET_41)",
					"$(LIBRARY_SEARCH_PATHS_QUOTED_FOR_TARGET_42)",
					"$(LIBRARY_SEARCH_PATHS_QUOTED_FOR_TARGET_43)",
					"$(LIBRARY_SEARCH_PATHS_QUOTED_FOR_TARGET_44)",
					"$(LIBRARY_SEARCH_PATHS_QUOTED_FOR_TARGET_45)",
					"$(LIBRARY_SEARCH_PATHS_QUOTED_FOR_TARGET_46)",
					"$(LIBRARY_SEARCH_PATHS_QUOTED_FOR_TARGET_47)",
					"$(LIBRARY_SEARCH_PATHS_QUOTED_FOR_TARGET_48)",
					"$(LIBRARY_SEARCH_PATHS_QUOTED_FOR_TARGET_49)",
					"$(LIBRARY_SEARCH_PATHS_QUOTED_FOR_TARGET_50)",
					"$(LIBRARY_SEARCH_PATHS_QUOTED_FOR_TARGET_51)",
					"$(LIBRARY_SEARCH_PATHS_QUOTED_FOR_TARGET_52)",
					"$(LIBRARY_SEARCH_PATHS_QUOTED_FOR_TARGET_1)",
					"$(LIBRARY_SEARCH_PATHS_QUOTED_FOR_TARGET_2)",
					"$(LIBRARY_SEARCH_PATHS_QUOTED_FOR_TARGET_3)",
					"$(LIBRARY_SEARCH_PATHS_QUOTED_FOR_TARGET_4)",
					"$(LIBRARY_SEARCH_PATHS_QUOTED_FOR_TARGET_5)",
					"$(LIBRARY_SEARCH_PATHS_QUOTED_FOR_TARGET_6)",
					"$(LIBRARY_SEARCH_PATHS_QUOTED_FOR_TARGET_7)",
					"$(LIBRARY_SEARCH_PATHS_QUOTED_FOR_TARGET_8)",
					"$(LIBRARY_SEARCH_PATHS_QUOTED_FOR_TARGET_9)",
					"$(LIBRARY_SEARCH_PATHS_QUOTED_FOR_TARGET_10)",
					"$(LIBRARY_SEARCH_PATHS_QUOTED_FOR_TARGET_11)",
					"$(LIBRARY_SEARCH_PATHS_QUOTED_FOR_TARGET_12)",
					"$(LIBRARY_SEARCH_PATHS_QUOTED_FOR_TARGET_13)",
					"$(LIBRARY_SEARCH_PATHS_QUOTED_FOR_TARGET_14)",
					"$(LIBRARY_SEARCH_PATHS_QUOTED_FOR_TARGET_15)",
					"$(LIBRARY_SEARCH_PATHS_QUOTED_FOR_TARGET_16)",
					"$(LIBRARY_SEARCH_PATHS_QUOTED_FOR_TARGET_17)",
					"$(LIBRARY_SEARCH_PATHS_QUOTED_FOR_TARGET_18)",
				);
				LIBRARY_SEARCH_PATHS_QUOTED_FOR_TARGET_1 = "\"$(SRCROOT)/../libs/lib\"";
				LIBRARY_SEARCH_PATHS_QUOTED_FOR_TARGET_10 = "\"$(SRCROOT)/../../ofxOpenCv/libs/opencv/lib/android/armeabi-v7a\"";
				LIBRARY_SEARCH_PATHS_QUOTED_FOR_TARGET_11 = "\"$(SRCROOT)/../../ofxOpenCv/libs/opencv/lib/ios\"";
				LIBRARY_SEARCH_PATHS_QUOTED_FOR_TARGET_12 = "\"$(SRCROOT)/../../ofxOpenCv/libs/opencv/lib/linux\"";
				LIBRARY_SEARCH_PATHS_QUOTED_FOR_TARGET_13 = "\"$(SRCROOT)/../../ofxOpenCv/libs/opencv/lib/linux64\"";
				LIBRARY_SEARCH_PATHS_QUOTED_FOR_TARGET_14 = "\"$(SRCROOT)/../../ofxOpenCv/libs/opencv/lib/osx\"";
				LIBRARY_SEARCH_PATHS_QUOTED_FOR_TARGET_15 = "\"$(SRCROOT)/../../ofxOpenCv/libs/opencv/lib/vs2010\"";
				LIBRARY_SEARCH_PATHS_QUOTED_FOR_TARGET_16 = "\"$(SRCROOT)/../../ofxOpenCv/libs/opencv/lib/win_cb\"";
				LIBRARY_SEARCH_PATHS_QUOTED_FOR_TARGET_17 = "\"$(SRCROOT)/../../ofxPCL/libs/pcl/lib/osx\"";
				LIBRARY_SEARCH_PATHS_QUOTED_FOR_TARGET_18 = "\"$(SRCROOT)/../../../addons/ofxPCL/libs/pcl/lib/osx\"";
				LIBRARY_SEARCH_PATHS_QUOTED_FOR_TARGET_2 = "\"$(SRCROOT)/../../../addons/ofxPCL/libs/lib\"";
				LIBRARY_SEARCH_PATHS_QUOTED_FOR_TARGET_3 = "\"$(SRCROOT)/../../../addons/ofxBoost/lib/mac\"";
				LIBRARY_SEARCH_PATHS_QUOTED_FOR_TARGET_4 = "\"$(SRCROOT)/../../../addons/ofxBoost/lib/win\"";
				LIBRARY_SEARCH_PATHS_QUOTED_FOR_TARGET_5 = "\"$(SRCROOT)/../../../addons/ofxBoost/lib/win/win64\"";
				LIBRARY_SEARCH_PATHS_QUOTED_FOR_TARGET_6 = "\"$(SRCROOT)/../../../addons/ofxPCL/libs/lib/osx\"";
				LIBRARY_SEARCH_PATHS_QUOTED_FOR_TARGET_7 = "\"\"$(OF_PATH)/addons/ofxPCL/deps/libs/osx/pcl/libs\"";
				LIBRARY_SEARCH_PATHS_QUOTED_FOR_TARGET_8 = "\"$(OF_PATH)/addons/ofxPCL/deps/libs/osx/pcl/libs\"";
				LIBRARY_SEARCH_PATHS_QUOTED_FOR_TARGET_9 = "\"$(SRCROOT)/../../ofxOpenCv/libs/opencv/lib/android/armeabi\"";
				PREBINDING = NO;
				PRODUCT_NAME = NormalGeneratorDebug;
				WRAPPER_EXTENSION = app;
			};
			name = Debug;
		};
		E4B69B610A3A1757003C02F2 /* Release */ = {
			isa = XCBuildConfiguration;
			buildSettings = {
				COPY_PHASE_STRIP = YES;
				FRAMEWORK_SEARCH_PATHS = (
					"$(inherited)",
					"$(FRAMEWORK_SEARCH_PATHS_QUOTED_FOR_TARGET_1)",
				);
				FRAMEWORK_SEARCH_PATHS_QUOTED_FOR_TARGET_1 = "\"$(SRCROOT)/../../../libs/glut/lib/osx\"";
				GCC_ENABLE_FIX_AND_CONTINUE = NO;
				GCC_GENERATE_DEBUGGING_SYMBOLS = NO;
				GCC_MODEL_TUNING = G4;
				GCC_PRECOMPILE_PREFIX_HEADER = YES;
				GCC_PREFIX_HEADER = "$(SYSTEM_LIBRARY_DIR)/Frameworks/Carbon.framework/Headers/Carbon.h";
				INFOPLIST_FILE = "openFrameworks-Info.plist";
				INSTALL_PATH = "$(HOME)/Applications";
				LIBRARY_SEARCH_PATHS = (
					"$(inherited)",
					"$(LIBRARY_SEARCH_PATHS_QUOTED_FOR_TARGET_1)",
					"$(LIBRARY_SEARCH_PATHS_QUOTED_FOR_TARGET_2)",
					"$(LIBRARY_SEARCH_PATHS_QUOTED_FOR_TARGET_3)",
					"$(LIBRARY_SEARCH_PATHS_QUOTED_FOR_TARGET_4)",
					"$(LIBRARY_SEARCH_PATHS_QUOTED_FOR_TARGET_5)",
					"$(LIBRARY_SEARCH_PATHS_QUOTED_FOR_TARGET_6)",
					"$(LIBRARY_SEARCH_PATHS_QUOTED_FOR_TARGET_7)",
					"$(LIBRARY_SEARCH_PATHS_QUOTED_FOR_TARGET_8)",
					"$(LIBRARY_SEARCH_PATHS_QUOTED_FOR_TARGET_9)",
					"$(LIBRARY_SEARCH_PATHS_QUOTED_FOR_TARGET_10)",
					"$(LIBRARY_SEARCH_PATHS_QUOTED_FOR_TARGET_11)",
					"$(LIBRARY_SEARCH_PATHS_QUOTED_FOR_TARGET_12)",
					"$(LIBRARY_SEARCH_PATHS_QUOTED_FOR_TARGET_13)",
					"$(LIBRARY_SEARCH_PATHS_QUOTED_FOR_TARGET_14)",
					"$(LIBRARY_SEARCH_PATHS_QUOTED_FOR_TARGET_15)",
					"$(LIBRARY_SEARCH_PATHS_QUOTED_FOR_TARGET_2)",
					"$(LIBRARY_SEARCH_PATHS_QUOTED_1)",
					"$(LIBRARY_SEARCH_PATHS_QUOTED_FOR_TARGET_3)",
					"$(LIBRARY_SEARCH_PATHS_QUOTED_FOR_TARGET_7)",
					"$(LIBRARY_SEARCH_PATHS_QUOTED_FOR_TARGET_8)",
					"$(LIBRARY_SEARCH_PATHS_QUOTED_FOR_TARGET_9)",
					"$(LIBRARY_SEARCH_PATHS_QUOTED_FOR_TARGET_10)",
					"$(LIBRARY_SEARCH_PATHS_QUOTED_FOR_TARGET_11)",
					"$(LIBRARY_SEARCH_PATHS_QUOTED_FOR_TARGET_12)",
					"$(LIBRARY_SEARCH_PATHS_QUOTED_FOR_TARGET_13)",
					"$(LIBRARY_SEARCH_PATHS_QUOTED_FOR_TARGET_16)",
					"$(LIBRARY_SEARCH_PATHS_QUOTED_FOR_TARGET_17)",
					"$(LIBRARY_SEARCH_PATHS_QUOTED_FOR_TARGET_18)",
					"$(LIBRARY_SEARCH_PATHS_QUOTED_FOR_TARGET_19)",
					"$(LIBRARY_SEARCH_PATHS_QUOTED_FOR_TARGET_20)",
					"$(LIBRARY_SEARCH_PATHS_QUOTED_FOR_TARGET_21)",
					"$(LIBRARY_SEARCH_PATHS_QUOTED_FOR_TARGET_22)",
					"$(LIBRARY_SEARCH_PATHS_QUOTED_FOR_TARGET_23)",
					"$(LIBRARY_SEARCH_PATHS_QUOTED_FOR_TARGET_24)",
					"$(LIBRARY_SEARCH_PATHS_QUOTED_FOR_TARGET_25)",
					"$(LIBRARY_SEARCH_PATHS_QUOTED_FOR_TARGET_26)",
					"$(LIBRARY_SEARCH_PATHS_QUOTED_FOR_TARGET_27)",
					"$(LIBRARY_SEARCH_PATHS_QUOTED_FOR_TARGET_28)",
					"$(LIBRARY_SEARCH_PATHS_QUOTED_FOR_TARGET_29)",
					"$(LIBRARY_SEARCH_PATHS_QUOTED_FOR_TARGET_30)",
					"$(LIBRARY_SEARCH_PATHS_QUOTED_FOR_TARGET_31)",
					"$(LIBRARY_SEARCH_PATHS_QUOTED_FOR_TARGET_32)",
					"$(LIBRARY_SEARCH_PATHS_QUOTED_FOR_TARGET_33)",
					"$(LIBRARY_SEARCH_PATHS_QUOTED_FOR_TARGET_34)",
					"$(LIBRARY_SEARCH_PATHS_QUOTED_FOR_TARGET_35)",
					"$(LIBRARY_SEARCH_PATHS_QUOTED_FOR_TARGET_36)",
					"$(LIBRARY_SEARCH_PATHS_QUOTED_FOR_TARGET_37)",
					"$(LIBRARY_SEARCH_PATHS_QUOTED_FOR_TARGET_38)",
					"$(LIBRARY_SEARCH_PATHS_QUOTED_FOR_TARGET_39)",
					"$(LIBRARY_SEARCH_PATHS_QUOTED_FOR_TARGET_40)",
					"$(LIBRARY_SEARCH_PATHS_QUOTED_FOR_TARGET_41)",
					"$(LIBRARY_SEARCH_PATHS_QUOTED_FOR_TARGET_42)",
					"$(LIBRARY_SEARCH_PATHS_QUOTED_FOR_TARGET_43)",
					"$(LIBRARY_SEARCH_PATHS_QUOTED_FOR_TARGET_44)",
					"$(LIBRARY_SEARCH_PATHS_QUOTED_FOR_TARGET_45)",
					"$(LIBRARY_SEARCH_PATHS_QUOTED_FOR_TARGET_46)",
					"$(LIBRARY_SEARCH_PATHS_QUOTED_FOR_TARGET_47)",
					"$(LIBRARY_SEARCH_PATHS_QUOTED_FOR_TARGET_48)",
					"$(LIBRARY_SEARCH_PATHS_QUOTED_FOR_TARGET_49)",
					"$(LIBRARY_SEARCH_PATHS_QUOTED_FOR_TARGET_50)",
					"$(LIBRARY_SEARCH_PATHS_QUOTED_FOR_TARGET_51)",
					"$(LIBRARY_SEARCH_PATHS_QUOTED_FOR_TARGET_1)",
					"$(LIBRARY_SEARCH_PATHS_QUOTED_FOR_TARGET_2)",
					"$(LIBRARY_SEARCH_PATHS_QUOTED_FOR_TARGET_3)",
					"$(LIBRARY_SEARCH_PATHS_QUOTED_FOR_TARGET_4)",
					"$(LIBRARY_SEARCH_PATHS_QUOTED_FOR_TARGET_5)",
					"$(LIBRARY_SEARCH_PATHS_QUOTED_FOR_TARGET_6)",
					"$(LIBRARY_SEARCH_PATHS_QUOTED_FOR_TARGET_7)",
					"$(LIBRARY_SEARCH_PATHS_QUOTED_FOR_TARGET_8)",
					"$(LIBRARY_SEARCH_PATHS_QUOTED_FOR_TARGET_9)",
					"$(LIBRARY_SEARCH_PATHS_QUOTED_FOR_TARGET_10)",
					"$(LIBRARY_SEARCH_PATHS_QUOTED_FOR_TARGET_11)",
					"$(LIBRARY_SEARCH_PATHS_QUOTED_FOR_TARGET_12)",
					"$(LIBRARY_SEARCH_PATHS_QUOTED_FOR_TARGET_13)",
					"$(LIBRARY_SEARCH_PATHS_QUOTED_FOR_TARGET_14)",
					"$(LIBRARY_SEARCH_PATHS_QUOTED_FOR_TARGET_15)",
					"$(LIBRARY_SEARCH_PATHS_QUOTED_FOR_TARGET_16)",
					"$(LIBRARY_SEARCH_PATHS_QUOTED_FOR_TARGET_17)",
					"$(LIBRARY_SEARCH_PATHS_QUOTED_FOR_TARGET_18)",
				);
				LIBRARY_SEARCH_PATHS_QUOTED_FOR_TARGET_1 = "\"$(SRCROOT)/../libs/lib\"";
				LIBRARY_SEARCH_PATHS_QUOTED_FOR_TARGET_10 = "\"$(SRCROOT)/../../ofxOpenCv/libs/opencv/lib/android/armeabi-v7a\"";
				LIBRARY_SEARCH_PATHS_QUOTED_FOR_TARGET_11 = "\"$(SRCROOT)/../../ofxOpenCv/libs/opencv/lib/ios\"";
				LIBRARY_SEARCH_PATHS_QUOTED_FOR_TARGET_12 = "\"$(SRCROOT)/../../ofxOpenCv/libs/opencv/lib/linux\"";
				LIBRARY_SEARCH_PATHS_QUOTED_FOR_TARGET_13 = "\"$(SRCROOT)/../../ofxOpenCv/libs/opencv/lib/linux64\"";
				LIBRARY_SEARCH_PATHS_QUOTED_FOR_TARGET_14 = "\"$(SRCROOT)/../../ofxOpenCv/libs/opencv/lib/osx\"";
				LIBRARY_SEARCH_PATHS_QUOTED_FOR_TARGET_15 = "\"$(SRCROOT)/../../ofxOpenCv/libs/opencv/lib/vs2010\"";
				LIBRARY_SEARCH_PATHS_QUOTED_FOR_TARGET_16 = "\"$(SRCROOT)/../../ofxOpenCv/libs/opencv/lib/win_cb\"";
				LIBRARY_SEARCH_PATHS_QUOTED_FOR_TARGET_17 = "\"$(SRCROOT)/../../ofxPCL/libs/pcl/lib/osx\"";
				LIBRARY_SEARCH_PATHS_QUOTED_FOR_TARGET_18 = "\"$(SRCROOT)/../../../addons/ofxPCL/libs/pcl/lib/osx\"";
				LIBRARY_SEARCH_PATHS_QUOTED_FOR_TARGET_2 = "\"$(SRCROOT)/../../../addons/ofxPCL/libs/lib\"";
				LIBRARY_SEARCH_PATHS_QUOTED_FOR_TARGET_3 = "\"$(SRCROOT)/../../../addons/ofxBoost/lib/mac\"";
				LIBRARY_SEARCH_PATHS_QUOTED_FOR_TARGET_4 = "\"$(SRCROOT)/../../../addons/ofxBoost/lib/win\"";
				LIBRARY_SEARCH_PATHS_QUOTED_FOR_TARGET_5 = "\"$(SRCROOT)/../../../addons/ofxBoost/lib/win/win64\"";
				LIBRARY_SEARCH_PATHS_QUOTED_FOR_TARGET_6 = "\"$(SRCROOT)/../../../addons/ofxPCL/libs/lib/osx\"";
				LIBRARY_SEARCH_PATHS_QUOTED_FOR_TARGET_7 = "\"\"$(OF_PATH)/addons/ofxPCL/deps/libs/osx/pcl/libs\"";
				LIBRARY_SEARCH_PATHS_QUOTED_FOR_TARGET_8 = "\"$(OF_PATH)/addons/ofxPCL/deps/libs/osx/pcl/libs\"";
				LIBRARY_SEARCH_PATHS_QUOTED_FOR_TARGET_9 = "\"$(SRCROOT)/../../ofxOpenCv/libs/opencv/lib/android/armeabi\"";
				PREBINDING = NO;
				PRODUCT_NAME = NormalGenerator;
				WRAPPER_EXTENSION = app;
			};
			name = Release;
		};
/* End XCBuildConfiguration section */

/* Begin XCConfigurationList section */
		E4B69B4D0A3A1720003C02F2 /* Build configuration list for PBXProject "NormalGenerator" */ = {
			isa = XCConfigurationList;
			buildConfigurations = (
				E4B69B4E0A3A1720003C02F2 /* Debug */,
				E4B69B4F0A3A1720003C02F2 /* Release */,
			);
			defaultConfigurationIsVisible = 0;
			defaultConfigurationName = Release;
		};
		E4B69B5F0A3A1757003C02F2 /* Build configuration list for PBXNativeTarget "NormalGenerator" */ = {
			isa = XCConfigurationList;
			buildConfigurations = (
				E4B69B600A3A1757003C02F2 /* Debug */,
				E4B69B610A3A1757003C02F2 /* Release */,
			);
			defaultConfigurationIsVisible = 0;
			defaultConfigurationName = Release;
		};
/* End XCConfigurationList section */
	};
	rootObject = E4B69B4C0A3A1720003C02F2 /* Project object */;
}
